// !$*UTF8*$!
{
	archiveVersion = 1;
	classes = {
	};
	objectVersion = 46;
	objects = {

/* Begin PBXBuildFile section */
		0E40653FC6656E87C546089F /* Pods_VKFileBrowserDemo.framework in Frameworks */ = {isa = PBXBuildFile; fileRef = A6B906550E37B8E37E3EC20D /* Pods_VKFileBrowserDemo.framework */; };
		543BF7E61F6EE03A001E750C /* libMultiMarkdown.a in Frameworks */ = {isa = PBXBuildFile; fileRef = 543BF5251F6EE02A001E750C /* libMultiMarkdown.a */; };
		543BF9B81F6EE03B001E750C /* NSArray+StringArray.m in Sources */ = {isa = PBXBuildFile; fileRef = 543BF7291F6EE02C001E750C /* NSArray+StringArray.m */; };
		543BF9B91F6EE03B001E750C /* CheckoutStrategy.swift in Sources */ = {isa = PBXBuildFile; fileRef = 543BF72B1F6EE02C001E750C /* CheckoutStrategy.swift */; };
		543BF9BA1F6EE03B001E750C /* CommitIterator.swift in Sources */ = {isa = PBXBuildFile; fileRef = 543BF72C1F6EE02C001E750C /* CommitIterator.swift */; };
		543BF9BB1F6EE03B001E750C /* Credentials.swift in Sources */ = {isa = PBXBuildFile; fileRef = 543BF72D1F6EE02C001E750C /* Credentials.swift */; };
		543BF9BC1F6EE03B001E750C /* Errors.swift in Sources */ = {isa = PBXBuildFile; fileRef = 543BF72E1F6EE02C001E750C /* Errors.swift */; };
		543BF9BD1F6EE03B001E750C /* Info.plist in Resources */ = {isa = PBXBuildFile; fileRef = 543BF72F1F6EE02C001E750C /* Info.plist */; };
		543BF9BE1F6EE03B001E750C /* Libgit2.swift in Sources */ = {isa = PBXBuildFile; fileRef = 543BF7301F6EE02C001E750C /* Libgit2.swift */; };
		543BF9BF1F6EE03B001E750C /* Objects.swift in Sources */ = {isa = PBXBuildFile; fileRef = 543BF7311F6EE02C001E750C /* Objects.swift */; };
		543BF9C01F6EE03B001E750C /* OID.swift in Sources */ = {isa = PBXBuildFile; fileRef = 543BF7321F6EE02C001E750C /* OID.swift */; };
		543BF9C11F6EE03B001E750C /* Pointers.swift in Sources */ = {isa = PBXBuildFile; fileRef = 543BF7331F6EE02C001E750C /* Pointers.swift */; };
		543BF9C21F6EE03B001E750C /* References.swift in Sources */ = {isa = PBXBuildFile; fileRef = 543BF7341F6EE02C001E750C /* References.swift */; };
		543BF9C31F6EE03B001E750C /* Remotes.swift in Sources */ = {isa = PBXBuildFile; fileRef = 543BF7351F6EE02C001E750C /* Remotes.swift */; };
		543BF9C41F6EE03B001E750C /* Repository.swift in Sources */ = {isa = PBXBuildFile; fileRef = 543BF7361F6EE02C001E750C /* Repository.swift */; };
		543BF9C51F6EE03B001E750C /* SwiftGit2.m in Sources */ = {isa = PBXBuildFile; fileRef = 543BF7381F6EE02C001E750C /* SwiftGit2.m */; };
		543BF9C71F6EE03B001E750C /* 7zBuf.c in Sources */ = {isa = PBXBuildFile; fileRef = 543BF73C1F6EE02C001E750C /* 7zBuf.c */; };
		543BF9C81F6EE03B001E750C /* 7zBuf2.c in Sources */ = {isa = PBXBuildFile; fileRef = 543BF73E1F6EE02C001E750C /* 7zBuf2.c */; };
		543BF9C91F6EE03B001E750C /* 7zDec.c in Sources */ = {isa = PBXBuildFile; fileRef = 543BF73F1F6EE02C001E750C /* 7zDec.c */; };
		543BF9CA1F6EE03B001E750C /* 7zFile.c in Sources */ = {isa = PBXBuildFile; fileRef = 543BF7401F6EE02C001E750C /* 7zFile.c */; };
		543BF9CB1F6EE03B001E750C /* 7zIn.c in Sources */ = {isa = PBXBuildFile; fileRef = 543BF7421F6EE02C001E750C /* 7zIn.c */; };
		543BF9CC1F6EE03B001E750C /* 7zStream.c in Sources */ = {isa = PBXBuildFile; fileRef = 543BF7431F6EE02C001E750C /* 7zStream.c */; };
		543BF9CD1F6EE03B001E750C /* Alloc.c in Sources */ = {isa = PBXBuildFile; fileRef = 543BF7451F6EE02C001E750C /* Alloc.c */; };
		543BF9CE1F6EE03B001E750C /* CpuArch.c in Sources */ = {isa = PBXBuildFile; fileRef = 543BF7471F6EE02C001E750C /* CpuArch.c */; };
		543BF9CF1F6EE03B001E750C /* Delta.c in Sources */ = {isa = PBXBuildFile; fileRef = 543BF7491F6EE02C001E750C /* Delta.c */; };
		543BF9D01F6EE03B001E750C /* Lzma2Dec.c in Sources */ = {isa = PBXBuildFile; fileRef = 543BF74C1F6EE02C001E750C /* Lzma2Dec.c */; };
		543BF9D11F6EE03B001E750C /* LzmaDec.c in Sources */ = {isa = PBXBuildFile; fileRef = 543BF74E1F6EE02C001E750C /* LzmaDec.c */; };
		543BF9D21F6EE03B001E750C /* LZMAExtractor.m in Sources */ = {isa = PBXBuildFile; fileRef = 543BF7511F6EE02C001E750C /* LZMAExtractor.m */; };
		543BF9D31F6EE03B001E750C /* Ppmd7.c in Sources */ = {isa = PBXBuildFile; fileRef = 543BF7531F6EE02C001E750C /* Ppmd7.c */; };
		543BF9D41F6EE03B001E750C /* Ppmd7Dec.c in Sources */ = {isa = PBXBuildFile; fileRef = 543BF7551F6EE02C001E750C /* Ppmd7Dec.c */; };
		543BF9D51F6EE03B001E750C /* Ppmd8.c in Sources */ = {isa = PBXBuildFile; fileRef = 543BF7561F6EE02C001E750C /* Ppmd8.c */; };
		543BF9D61F6EE03B001E750C /* Ppmd8Dec.c in Sources */ = {isa = PBXBuildFile; fileRef = 543BF7581F6EE02C001E750C /* Ppmd8Dec.c */; };
		543BF9D71F6EE03B001E750C /* 7zAlloc.c in Sources */ = {isa = PBXBuildFile; fileRef = 543BF75D1F6EE02C001E750C /* 7zAlloc.c */; };
		543BF9D81F6EE03B001E750C /* 7zMain.c in Sources */ = {isa = PBXBuildFile; fileRef = 543BF75F1F6EE02C001E750C /* 7zMain.c */; };
		543BF9D91F6EE03B001E750C /* MultiMarkdown.swift in Sources */ = {isa = PBXBuildFile; fileRef = 543BF7601F6EE02C001E750C /* MultiMarkdown.swift */; };
		543BF9DC1F6EE03B001E750C /* ioapi.c in Sources */ = {isa = PBXBuildFile; fileRef = 543BF7A21F6EE02C001E750C /* ioapi.c */; };
		543BF9DD1F6EE03B001E750C /* mztools.c in Sources */ = {isa = PBXBuildFile; fileRef = 543BF7A41F6EE02C001E750C /* mztools.c */; };
		543BF9DE1F6EE03B001E750C /* unzip.c in Sources */ = {isa = PBXBuildFile; fileRef = 543BF7A61F6EE02C001E750C /* unzip.c */; };
		543BF9DF1F6EE03B001E750C /* zip.c in Sources */ = {isa = PBXBuildFile; fileRef = 543BF7A81F6EE02C001E750C /* zip.c */; };
		543BF9E01F6EE03B001E750C /* SSZipArchive.m in Sources */ = {isa = PBXBuildFile; fileRef = 543BF7AB1F6EE02C001E750C /* SSZipArchive.m */; };
		543BF9E31F6EE03B001E750C /* Localizable.strings in Resources */ = {isa = PBXBuildFile; fileRef = 543BF7B01F6EE02D001E750C /* Localizable.strings */; };
		543BF9E41F6EE03B001E750C /* Blame.swift in Sources */ = {isa = PBXBuildFile; fileRef = 543BF7B31F6EE02D001E750C /* Blame.swift */; };
		543BF9E51F6EE03B001E750C /* Branch.swift in Sources */ = {isa = PBXBuildFile; fileRef = 543BF7B41F6EE02D001E750C /* Branch.swift */; };
		543BF9E61F6EE03B001E750C /* Commits.swift in Sources */ = {isa = PBXBuildFile; fileRef = 543BF7B51F6EE02D001E750C /* Commits.swift */; };
		543BF9E71F6EE03B001E750C /* Diff.swift in Sources */ = {isa = PBXBuildFile; fileRef = 543BF7B61F6EE02D001E750C /* Diff.swift */; };
		543BF9E81F6EE03B001E750C /* HEAD.swift in Sources */ = {isa = PBXBuildFile; fileRef = 543BF7B71F6EE02D001E750C /* HEAD.swift */; };
		543BF9E91F6EE03B001E750C /* Log.swift in Sources */ = {isa = PBXBuildFile; fileRef = 543BF7B81F6EE02D001E750C /* Log.swift */; };
		543BF9EA1F6EE03B001E750C /* Pathspec.swift in Sources */ = {isa = PBXBuildFile; fileRef = 543BF7B91F6EE02D001E750C /* Pathspec.swift */; };
		543BF9EB1F6EE03B001E750C /* Reflog.swift in Sources */ = {isa = PBXBuildFile; fileRef = 543BF7BA1F6EE02D001E750C /* Reflog.swift */; };
		543BF9EC1F6EE03B001E750C /* Remote.swift in Sources */ = {isa = PBXBuildFile; fileRef = 543BF7BB1F6EE02D001E750C /* Remote.swift */; };
		543BF9ED1F6EE03B001E750C /* RepositoryUtils.swift in Sources */ = {isa = PBXBuildFile; fileRef = 543BF7BC1F6EE02D001E750C /* RepositoryUtils.swift */; };
		543BF9EE1F6EE03B001E750C /* Revwalk.swift in Sources */ = {isa = PBXBuildFile; fileRef = 543BF7BD1F6EE02D001E750C /* Revwalk.swift */; };
		543BF9EF1F6EE03B001E750C /* Status.swift in Sources */ = {isa = PBXBuildFile; fileRef = 543BF7BE1F6EE02D001E750C /* Status.swift */; };
		543BF9F01F6EE03B001E750C /* VKURLProtocol.swift in Sources */ = {isa = PBXBuildFile; fileRef = 543BF7C01F6EE02E001E750C /* VKURLProtocol.swift */; };
		543BF9F21F6EE03B001E750C /* MarkdownTextAttachment.swift in Sources */ = {isa = PBXBuildFile; fileRef = 543BF7C31F6EE02F001E750C /* MarkdownTextAttachment.swift */; };
		543BF9F31F6EE03B001E750C /* VKDiffView.swift in Sources */ = {isa = PBXBuildFile; fileRef = 543BF7C41F6EE02F001E750C /* VKDiffView.swift */; };
		543BF9F41F6EE03B001E750C /* VKLayoutManager.swift in Sources */ = {isa = PBXBuildFile; fileRef = 543BF7C51F6EE02F001E750C /* VKLayoutManager.swift */; };
		543BF9F51F6EE03B001E750C /* VKTextStorage.swift in Sources */ = {isa = PBXBuildFile; fileRef = 543BF7C61F6EE02F001E750C /* VKTextStorage.swift */; };
		543BF9F61F6EE03B001E750C /* VKTextView.swift in Sources */ = {isa = PBXBuildFile; fileRef = 543BF7C71F6EE02F001E750C /* VKTextView.swift */; };
		543BF9F91F6EE03B001E750C /* DownloadUtils.swift in Sources */ = {isa = PBXBuildFile; fileRef = 543BF7CD1F6EE030001E750C /* DownloadUtils.swift */; };
		543BF9FA1F6EE03B001E750C /* URLRouter.swift in Sources */ = {isa = PBXBuildFile; fileRef = 543BF7CE1F6EE030001E750C /* URLRouter.swift */; };
		543BF9FB1F6EE03B001E750C /* Media.xcassets in Resources */ = {isa = PBXBuildFile; fileRef = 543BF7D01F6EE032001E750C /* Media.xcassets */; };
		543BF9FC1F6EE03B001E750C /* VKSearchViewController.swift in Sources */ = {isa = PBXBuildFile; fileRef = 543BF7D11F6EE033001E750C /* VKSearchViewController.swift */; };
		543BF9FD1F6EE03B001E750C /* BaseModel.swift in Sources */ = {isa = PBXBuildFile; fileRef = 543BF7D31F6EE033001E750C /* BaseModel.swift */; };
		543BF9FE1F6EE03B001E750C /* ContentItemModel.swift in Sources */ = {isa = PBXBuildFile; fileRef = 543BF7D41F6EE033001E750C /* ContentItemModel.swift */; };
		543BF9FF1F6EE03B001E750C /* ContentModel.swift in Sources */ = {isa = PBXBuildFile; fileRef = 543BF7D51F6EE033001E750C /* ContentModel.swift */; };
		543BFA001F6EE03B001E750C /* RepositoryModel.swift in Sources */ = {isa = PBXBuildFile; fileRef = 543BF7D61F6EE033001E750C /* RepositoryModel.swift */; };
		543BFA011F6EE03B001E750C /* Constant.swift in Sources */ = {isa = PBXBuildFile; fileRef = 543BF7D71F6EE034001E750C /* Constant.swift */; };
		543BFA021F6EE03B001E750C /* MarkdownViewController.swift in Sources */ = {isa = PBXBuildFile; fileRef = 543BF7D81F6EE035001E750C /* MarkdownViewController.swift */; };
		543BFA031F6EE03B001E750C /* VKFile.swift in Sources */ = {isa = PBXBuildFile; fileRef = 543BF7D91F6EE036001E750C /* VKFile.swift */; };
		543BFA041F6EE03B001E750C /* SourceViewController.swift in Sources */ = {isa = PBXBuildFile; fileRef = 543BF7DA1F6EE036001E750C /* SourceViewController.swift */; };
		543BFA061F6EE03B001E750C /* BaseViewController.swift in Sources */ = {isa = PBXBuildFile; fileRef = 543BF7DC1F6EE037001E750C /* BaseViewController.swift */; };
		543BFA081F6EE03B001E750C /* Extension.swift in Sources */ = {isa = PBXBuildFile; fileRef = 543BF7DE1F6EE038001E750C /* Extension.swift */; };
		543BFA091F6EE03B001E750C /* VKFileManager.swift in Sources */ = {isa = PBXBuildFile; fileRef = 543BF7DF1F6EE039001E750C /* VKFileManager.swift */; };
		543BFA0A1F6EE03B001E750C /* Localizable.strings in Resources */ = {isa = PBXBuildFile; fileRef = 543BF7E11F6EE039001E750C /* Localizable.strings */; };
		544194CF1F6EAB840032C7D9 /* UITextField+Rx.swift in Sources */ = {isa = PBXBuildFile; fileRef = 544194CE1F6EAB840032C7D9 /* UITextField+Rx.swift */; };
		54475DDA1D9D949200B0BB49 /* AppDelegate.swift in Sources */ = {isa = PBXBuildFile; fileRef = 54475DD91D9D949200B0BB49 /* AppDelegate.swift */; };
		54475DDC1D9D949200B0BB49 /* ViewController.swift in Sources */ = {isa = PBXBuildFile; fileRef = 54475DDB1D9D949200B0BB49 /* ViewController.swift */; };
		54475DDF1D9D949200B0BB49 /* Main.storyboard in Resources */ = {isa = PBXBuildFile; fileRef = 54475DDD1D9D949200B0BB49 /* Main.storyboard */; };
		54475DE41D9D949200B0BB49 /* Assets.xcassets in Resources */ = {isa = PBXBuildFile; fileRef = 54475DE31D9D949200B0BB49 /* Assets.xcassets */; };
		54475DE71D9D949200B0BB49 /* LaunchScreen.storyboard in Resources */ = {isa = PBXBuildFile; fileRef = 54475DE51D9D949200B0BB49 /* LaunchScreen.storyboard */; };
		5471AD531F48AE0A00CBDDDD /* CloneViewController.swift in Sources */ = {isa = PBXBuildFile; fileRef = 5471AD511F48AE0A00CBDDDD /* CloneViewController.swift */; };
		5471AD541F48AE0A00CBDDDD /* CloneViewController.xib in Resources */ = {isa = PBXBuildFile; fileRef = 5471AD521F48AE0A00CBDDDD /* CloneViewController.xib */; };
		547600E41F46E02C0014AC95 /* VKSpiltViewController.swift in Sources */ = {isa = PBXBuildFile; fileRef = 547600E31F46E02C0014AC95 /* VKSpiltViewController.swift */; };
		547600E61F46E2650014AC95 /* RootViewController.swift in Sources */ = {isa = PBXBuildFile; fileRef = 547600E51F46E2650014AC95 /* RootViewController.swift */; };
		54779DC91F54749900AEC1C0 /* SettingsTableViewController.swift in Sources */ = {isa = PBXBuildFile; fileRef = 54779DC81F54749900AEC1C0 /* SettingsTableViewController.swift */; };
		54779DCB1F5475EA00AEC1C0 /* Settings.bundle in Resources */ = {isa = PBXBuildFile; fileRef = 54779DCA1F5475EA00AEC1C0 /* Settings.bundle */; };
		547D35541F6D85E9006F785C /* HistoryItem.swift in Sources */ = {isa = PBXBuildFile; fileRef = 547D35531F6D85E9006F785C /* HistoryItem.swift */; };
		547E318F1F4D3F1E003C0CC5 /* RemoteViewController.swift in Sources */ = {isa = PBXBuildFile; fileRef = 547E318D1F4D3F1E003C0CC5 /* RemoteViewController.swift */; };
		547E31901F4D3F1E003C0CC5 /* RemoteViewController.xib in Resources */ = {isa = PBXBuildFile; fileRef = 547E318E1F4D3F1E003C0CC5 /* RemoteViewController.xib */; };
		5481682C1F6A6F1D00D59DB7 /* NetworkItem.swift in Sources */ = {isa = PBXBuildFile; fileRef = 5481682B1F6A6F1D00D59DB7 /* NetworkItem.swift */; };
		5483B7DE1F41575400782760 /* README.md in Sources */ = {isa = PBXBuildFile; fileRef = 5483B7DD1F41575400782760 /* README.md */; };
		548AFB1E1F4BD459008C6F4B /* RepositoryViewController.swift in Sources */ = {isa = PBXBuildFile; fileRef = 548AFB1C1F4BD459008C6F4B /* RepositoryViewController.swift */; };
		548AFB1F1F4BD459008C6F4B /* RepositoryViewController.xib in Resources */ = {isa = PBXBuildFile; fileRef = 548AFB1D1F4BD459008C6F4B /* RepositoryViewController.xib */; };
		5490E20F1F5516A30041D232 /* DefaultsKeys.swift in Sources */ = {isa = PBXBuildFile; fileRef = 5490E20E1F5516A30041D232 /* DefaultsKeys.swift */; };
		54962AA61F53B07800E75239 /* Security.framework in Frameworks */ = {isa = PBXBuildFile; fileRef = 54962AA51F53B07800E75239 /* Security.framework */; };
		54B7BC031F6685F600B3D5D2 /* WebBrowserController.swift in Sources */ = {isa = PBXBuildFile; fileRef = 54B7BC011F6685F600B3D5D2 /* WebBrowserController.swift */; };
		54C835571F4ACF2800085756 /* libiconv.tbd in Frameworks */ = {isa = PBXBuildFile; fileRef = 54C835561F4ACF2800085756 /* libiconv.tbd */; };
		54D3D9781DA55B4800BD009C /* libz.tbd in Frameworks */ = {isa = PBXBuildFile; fileRef = 54D3D9771DA55B4800BD009C /* libz.tbd */; };
		54D3D97A1DA55BBC00BD009C /* libxml2.tbd in Frameworks */ = {isa = PBXBuildFile; fileRef = 54D3D9791DA55BBC00BD009C /* libxml2.tbd */; };
		54EED33E1F6A93EE00C2539D /* HeaderItem.swift in Sources */ = {isa = PBXBuildFile; fileRef = 54EED33D1F6A93EE00C2539D /* HeaderItem.swift */; };
/* End PBXBuildFile section */

/* Begin PBXCopyFilesBuildPhase section */
		54D3D9721DA55A6B00BD009C /* Embed PlugIns */ = {
			isa = PBXCopyFilesBuildPhase;
			buildActionMask = 2147483647;
			dstPath = "";
			dstSubfolderSpec = 13;
			files = (
			);
			name = "Embed PlugIns";
			runOnlyForDeploymentPostprocessing = 0;
		};
/* End PBXCopyFilesBuildPhase section */

/* Begin PBXFileReference section */
		17F2D5F8F5BD6381CDF5CBE4 /* Pods-VKFileBrowserDemoUITests.release.xcconfig */ = {isa = PBXFileReference; includeInIndex = 1; lastKnownFileType = text.xcconfig; name = "Pods-VKFileBrowserDemoUITests.release.xcconfig"; path = "Pods/Target Support Files/Pods-VKFileBrowserDemoUITests/Pods-VKFileBrowserDemoUITests.release.xcconfig"; sourceTree = "<group>"; };
		543BF5251F6EE02A001E750C /* libMultiMarkdown.a */ = {isa = PBXFileReference; lastKnownFileType = archive.ar; path = libMultiMarkdown.a; sourceTree = "<group>"; };
		543BF5261F6EE02A001E750C /* libMultiMarkdown.h */ = {isa = PBXFileReference; fileEncoding = 4; lastKnownFileType = sourcecode.c.h; path = libMultiMarkdown.h; sourceTree = "<group>"; };
		543BF7281F6EE02C001E750C /* NSArray+StringArray.h */ = {isa = PBXFileReference; fileEncoding = 4; lastKnownFileType = sourcecode.c.h; path = "NSArray+StringArray.h"; sourceTree = "<group>"; };
		543BF7291F6EE02C001E750C /* NSArray+StringArray.m */ = {isa = PBXFileReference; fileEncoding = 4; lastKnownFileType = sourcecode.c.objc; path = "NSArray+StringArray.m"; sourceTree = "<group>"; };
		543BF72B1F6EE02C001E750C /* CheckoutStrategy.swift */ = {isa = PBXFileReference; fileEncoding = 4; lastKnownFileType = sourcecode.swift; path = CheckoutStrategy.swift; sourceTree = "<group>"; };
		543BF72C1F6EE02C001E750C /* CommitIterator.swift */ = {isa = PBXFileReference; fileEncoding = 4; lastKnownFileType = sourcecode.swift; path = CommitIterator.swift; sourceTree = "<group>"; };
		543BF72D1F6EE02C001E750C /* Credentials.swift */ = {isa = PBXFileReference; fileEncoding = 4; lastKnownFileType = sourcecode.swift; path = Credentials.swift; sourceTree = "<group>"; };
		543BF72E1F6EE02C001E750C /* Errors.swift */ = {isa = PBXFileReference; fileEncoding = 4; lastKnownFileType = sourcecode.swift; path = Errors.swift; sourceTree = "<group>"; };
		543BF72F1F6EE02C001E750C /* Info.plist */ = {isa = PBXFileReference; fileEncoding = 4; lastKnownFileType = text.plist.xml; path = Info.plist; sourceTree = "<group>"; };
		543BF7301F6EE02C001E750C /* Libgit2.swift */ = {isa = PBXFileReference; fileEncoding = 4; lastKnownFileType = sourcecode.swift; path = Libgit2.swift; sourceTree = "<group>"; };
		543BF7311F6EE02C001E750C /* Objects.swift */ = {isa = PBXFileReference; fileEncoding = 4; lastKnownFileType = sourcecode.swift; path = Objects.swift; sourceTree = "<group>"; };
		543BF7321F6EE02C001E750C /* OID.swift */ = {isa = PBXFileReference; fileEncoding = 4; lastKnownFileType = sourcecode.swift; path = OID.swift; sourceTree = "<group>"; };
		543BF7331F6EE02C001E750C /* Pointers.swift */ = {isa = PBXFileReference; fileEncoding = 4; lastKnownFileType = sourcecode.swift; path = Pointers.swift; sourceTree = "<group>"; };
		543BF7341F6EE02C001E750C /* References.swift */ = {isa = PBXFileReference; fileEncoding = 4; lastKnownFileType = sourcecode.swift; path = References.swift; sourceTree = "<group>"; };
		543BF7351F6EE02C001E750C /* Remotes.swift */ = {isa = PBXFileReference; fileEncoding = 4; lastKnownFileType = sourcecode.swift; path = Remotes.swift; sourceTree = "<group>"; };
		543BF7361F6EE02C001E750C /* Repository.swift */ = {isa = PBXFileReference; fileEncoding = 4; lastKnownFileType = sourcecode.swift; path = Repository.swift; sourceTree = "<group>"; };
		543BF7371F6EE02C001E750C /* SwiftGit2.h */ = {isa = PBXFileReference; fileEncoding = 4; lastKnownFileType = sourcecode.c.h; path = SwiftGit2.h; sourceTree = "<group>"; };
		543BF7381F6EE02C001E750C /* SwiftGit2.m */ = {isa = PBXFileReference; fileEncoding = 4; lastKnownFileType = sourcecode.c.objc; path = SwiftGit2.m; sourceTree = "<group>"; };
		543BF73B1F6EE02C001E750C /* 7z.h */ = {isa = PBXFileReference; fileEncoding = 4; lastKnownFileType = sourcecode.c.h; path = 7z.h; sourceTree = "<group>"; };
		543BF73C1F6EE02C001E750C /* 7zBuf.c */ = {isa = PBXFileReference; fileEncoding = 4; lastKnownFileType = sourcecode.c.c; path = 7zBuf.c; sourceTree = "<group>"; };
		543BF73D1F6EE02C001E750C /* 7zBuf.h */ = {isa = PBXFileReference; fileEncoding = 4; lastKnownFileType = sourcecode.c.h; path = 7zBuf.h; sourceTree = "<group>"; };
		543BF73E1F6EE02C001E750C /* 7zBuf2.c */ = {isa = PBXFileReference; fileEncoding = 4; lastKnownFileType = sourcecode.c.c; path = 7zBuf2.c; sourceTree = "<group>"; };
		543BF73F1F6EE02C001E750C /* 7zDec.c */ = {isa = PBXFileReference; fileEncoding = 4; lastKnownFileType = sourcecode.c.c; path = 7zDec.c; sourceTree = "<group>"; };
		543BF7401F6EE02C001E750C /* 7zFile.c */ = {isa = PBXFileReference; fileEncoding = 4; lastKnownFileType = sourcecode.c.c; path = 7zFile.c; sourceTree = "<group>"; };
		543BF7411F6EE02C001E750C /* 7zFile.h */ = {isa = PBXFileReference; fileEncoding = 4; lastKnownFileType = sourcecode.c.h; path = 7zFile.h; sourceTree = "<group>"; };
		543BF7421F6EE02C001E750C /* 7zIn.c */ = {isa = PBXFileReference; fileEncoding = 4; lastKnownFileType = sourcecode.c.c; path = 7zIn.c; sourceTree = "<group>"; };
		543BF7431F6EE02C001E750C /* 7zStream.c */ = {isa = PBXFileReference; fileEncoding = 4; lastKnownFileType = sourcecode.c.c; path = 7zStream.c; sourceTree = "<group>"; };
		543BF7441F6EE02C001E750C /* 7zVersion.h */ = {isa = PBXFileReference; fileEncoding = 4; lastKnownFileType = sourcecode.c.h; path = 7zVersion.h; sourceTree = "<group>"; };
		543BF7451F6EE02C001E750C /* Alloc.c */ = {isa = PBXFileReference; fileEncoding = 4; lastKnownFileType = sourcecode.c.c; path = Alloc.c; sourceTree = "<group>"; };
		543BF7461F6EE02C001E750C /* Alloc.h */ = {isa = PBXFileReference; fileEncoding = 4; lastKnownFileType = sourcecode.c.h; path = Alloc.h; sourceTree = "<group>"; };
		543BF7471F6EE02C001E750C /* CpuArch.c */ = {isa = PBXFileReference; fileEncoding = 4; lastKnownFileType = sourcecode.c.c; path = CpuArch.c; sourceTree = "<group>"; };
		543BF7481F6EE02C001E750C /* CpuArch.h */ = {isa = PBXFileReference; fileEncoding = 4; lastKnownFileType = sourcecode.c.h; path = CpuArch.h; sourceTree = "<group>"; };
		543BF7491F6EE02C001E750C /* Delta.c */ = {isa = PBXFileReference; fileEncoding = 4; lastKnownFileType = sourcecode.c.c; path = Delta.c; sourceTree = "<group>"; };
		543BF74A1F6EE02C001E750C /* Delta.h */ = {isa = PBXFileReference; fileEncoding = 4; lastKnownFileType = sourcecode.c.h; path = Delta.h; sourceTree = "<group>"; };
		543BF74B1F6EE02C001E750C /* LzHash.h */ = {isa = PBXFileReference; fileEncoding = 4; lastKnownFileType = sourcecode.c.h; path = LzHash.h; sourceTree = "<group>"; };
		543BF74C1F6EE02C001E750C /* Lzma2Dec.c */ = {isa = PBXFileReference; fileEncoding = 4; lastKnownFileType = sourcecode.c.c; path = Lzma2Dec.c; sourceTree = "<group>"; };
		543BF74D1F6EE02C001E750C /* Lzma2Dec.h */ = {isa = PBXFileReference; fileEncoding = 4; lastKnownFileType = sourcecode.c.h; path = Lzma2Dec.h; sourceTree = "<group>"; };
		543BF74E1F6EE02C001E750C /* LzmaDec.c */ = {isa = PBXFileReference; fileEncoding = 4; lastKnownFileType = sourcecode.c.c; path = LzmaDec.c; sourceTree = "<group>"; };
		543BF74F1F6EE02C001E750C /* LzmaDec.h */ = {isa = PBXFileReference; fileEncoding = 4; lastKnownFileType = sourcecode.c.h; path = LzmaDec.h; sourceTree = "<group>"; };
		543BF7501F6EE02C001E750C /* LZMAExtractor.h */ = {isa = PBXFileReference; fileEncoding = 4; lastKnownFileType = sourcecode.c.h; path = LZMAExtractor.h; sourceTree = "<group>"; };
		543BF7511F6EE02C001E750C /* LZMAExtractor.m */ = {isa = PBXFileReference; fileEncoding = 4; lastKnownFileType = sourcecode.c.objc; path = LZMAExtractor.m; sourceTree = "<group>"; };
		543BF7521F6EE02C001E750C /* Ppmd.h */ = {isa = PBXFileReference; fileEncoding = 4; lastKnownFileType = sourcecode.c.h; path = Ppmd.h; sourceTree = "<group>"; };
		543BF7531F6EE02C001E750C /* Ppmd7.c */ = {isa = PBXFileReference; fileEncoding = 4; lastKnownFileType = sourcecode.c.c; path = Ppmd7.c; sourceTree = "<group>"; };
		543BF7541F6EE02C001E750C /* Ppmd7.h */ = {isa = PBXFileReference; fileEncoding = 4; lastKnownFileType = sourcecode.c.h; path = Ppmd7.h; sourceTree = "<group>"; };
		543BF7551F6EE02C001E750C /* Ppmd7Dec.c */ = {isa = PBXFileReference; fileEncoding = 4; lastKnownFileType = sourcecode.c.c; path = Ppmd7Dec.c; sourceTree = "<group>"; };
		543BF7561F6EE02C001E750C /* Ppmd8.c */ = {isa = PBXFileReference; fileEncoding = 4; lastKnownFileType = sourcecode.c.c; path = Ppmd8.c; sourceTree = "<group>"; };
		543BF7571F6EE02C001E750C /* Ppmd8.h */ = {isa = PBXFileReference; fileEncoding = 4; lastKnownFileType = sourcecode.c.h; path = Ppmd8.h; sourceTree = "<group>"; };
		543BF7581F6EE02C001E750C /* Ppmd8Dec.c */ = {isa = PBXFileReference; fileEncoding = 4; lastKnownFileType = sourcecode.c.c; path = Ppmd8Dec.c; sourceTree = "<group>"; };
		543BF7591F6EE02C001E750C /* RotateDefs.h */ = {isa = PBXFileReference; fileEncoding = 4; lastKnownFileType = sourcecode.c.h; path = RotateDefs.h; sourceTree = "<group>"; };
		543BF75A1F6EE02C001E750C /* Types.h */ = {isa = PBXFileReference; fileEncoding = 4; lastKnownFileType = sourcecode.c.h; path = Types.h; sourceTree = "<group>"; };
		543BF75D1F6EE02C001E750C /* 7zAlloc.c */ = {isa = PBXFileReference; fileEncoding = 4; lastKnownFileType = sourcecode.c.c; path = 7zAlloc.c; sourceTree = "<group>"; };
		543BF75E1F6EE02C001E750C /* 7zAlloc.h */ = {isa = PBXFileReference; fileEncoding = 4; lastKnownFileType = sourcecode.c.h; path = 7zAlloc.h; sourceTree = "<group>"; };
		543BF75F1F6EE02C001E750C /* 7zMain.c */ = {isa = PBXFileReference; fileEncoding = 4; lastKnownFileType = sourcecode.c.c; path = 7zMain.c; sourceTree = "<group>"; };
		543BF7601F6EE02C001E750C /* MultiMarkdown.swift */ = {isa = PBXFileReference; fileEncoding = 4; lastKnownFileType = sourcecode.swift; path = MultiMarkdown.swift; sourceTree = "<group>"; };
		543BF7A11F6EE02C001E750C /* crypt.h */ = {isa = PBXFileReference; fileEncoding = 4; lastKnownFileType = sourcecode.c.h; path = crypt.h; sourceTree = "<group>"; };
		543BF7A21F6EE02C001E750C /* ioapi.c */ = {isa = PBXFileReference; fileEncoding = 4; lastKnownFileType = sourcecode.c.c; path = ioapi.c; sourceTree = "<group>"; };
		543BF7A31F6EE02C001E750C /* ioapi.h */ = {isa = PBXFileReference; fileEncoding = 4; lastKnownFileType = sourcecode.c.h; path = ioapi.h; sourceTree = "<group>"; };
		543BF7A41F6EE02C001E750C /* mztools.c */ = {isa = PBXFileReference; fileEncoding = 4; lastKnownFileType = sourcecode.c.c; path = mztools.c; sourceTree = "<group>"; };
		543BF7A51F6EE02C001E750C /* mztools.h */ = {isa = PBXFileReference; fileEncoding = 4; lastKnownFileType = sourcecode.c.h; path = mztools.h; sourceTree = "<group>"; };
		543BF7A61F6EE02C001E750C /* unzip.c */ = {isa = PBXFileReference; fileEncoding = 4; lastKnownFileType = sourcecode.c.c; path = unzip.c; sourceTree = "<group>"; };
		543BF7A71F6EE02C001E750C /* unzip.h */ = {isa = PBXFileReference; fileEncoding = 4; lastKnownFileType = sourcecode.c.h; path = unzip.h; sourceTree = "<group>"; };
		543BF7A81F6EE02C001E750C /* zip.c */ = {isa = PBXFileReference; fileEncoding = 4; lastKnownFileType = sourcecode.c.c; path = zip.c; sourceTree = "<group>"; };
		543BF7A91F6EE02C001E750C /* zip.h */ = {isa = PBXFileReference; fileEncoding = 4; lastKnownFileType = sourcecode.c.h; path = zip.h; sourceTree = "<group>"; };
		543BF7AA1F6EE02C001E750C /* SSZipArchive.h */ = {isa = PBXFileReference; fileEncoding = 4; lastKnownFileType = sourcecode.c.h; path = SSZipArchive.h; sourceTree = "<group>"; };
		543BF7AB1F6EE02C001E750C /* SSZipArchive.m */ = {isa = PBXFileReference; fileEncoding = 4; lastKnownFileType = sourcecode.c.objc; path = SSZipArchive.m; sourceTree = "<group>"; };
		543BF7B11F6EE02D001E750C /* Base */ = {isa = PBXFileReference; lastKnownFileType = text.plist.strings; name = Base; path = Localizable.strings; sourceTree = "<group>"; };
		543BF7B31F6EE02D001E750C /* Blame.swift */ = {isa = PBXFileReference; fileEncoding = 4; lastKnownFileType = sourcecode.swift; path = Blame.swift; sourceTree = "<group>"; };
		543BF7B41F6EE02D001E750C /* Branch.swift */ = {isa = PBXFileReference; fileEncoding = 4; lastKnownFileType = sourcecode.swift; path = Branch.swift; sourceTree = "<group>"; };
		543BF7B51F6EE02D001E750C /* Commits.swift */ = {isa = PBXFileReference; fileEncoding = 4; lastKnownFileType = sourcecode.swift; path = Commits.swift; sourceTree = "<group>"; };
		543BF7B61F6EE02D001E750C /* Diff.swift */ = {isa = PBXFileReference; fileEncoding = 4; lastKnownFileType = sourcecode.swift; path = Diff.swift; sourceTree = "<group>"; };
		543BF7B71F6EE02D001E750C /* HEAD.swift */ = {isa = PBXFileReference; fileEncoding = 4; lastKnownFileType = sourcecode.swift; path = HEAD.swift; sourceTree = "<group>"; };
		543BF7B81F6EE02D001E750C /* Log.swift */ = {isa = PBXFileReference; fileEncoding = 4; lastKnownFileType = sourcecode.swift; path = Log.swift; sourceTree = "<group>"; };
		543BF7B91F6EE02D001E750C /* Pathspec.swift */ = {isa = PBXFileReference; fileEncoding = 4; lastKnownFileType = sourcecode.swift; path = Pathspec.swift; sourceTree = "<group>"; };
		543BF7BA1F6EE02D001E750C /* Reflog.swift */ = {isa = PBXFileReference; fileEncoding = 4; lastKnownFileType = sourcecode.swift; path = Reflog.swift; sourceTree = "<group>"; };
		543BF7BB1F6EE02D001E750C /* Remote.swift */ = {isa = PBXFileReference; fileEncoding = 4; lastKnownFileType = sourcecode.swift; path = Remote.swift; sourceTree = "<group>"; };
		543BF7BC1F6EE02D001E750C /* RepositoryUtils.swift */ = {isa = PBXFileReference; fileEncoding = 4; lastKnownFileType = sourcecode.swift; path = RepositoryUtils.swift; sourceTree = "<group>"; };
		543BF7BD1F6EE02D001E750C /* Revwalk.swift */ = {isa = PBXFileReference; fileEncoding = 4; lastKnownFileType = sourcecode.swift; path = Revwalk.swift; sourceTree = "<group>"; };
		543BF7BE1F6EE02D001E750C /* Status.swift */ = {isa = PBXFileReference; fileEncoding = 4; lastKnownFileType = sourcecode.swift; path = Status.swift; sourceTree = "<group>"; };
		543BF7C01F6EE02E001E750C /* VKURLProtocol.swift */ = {isa = PBXFileReference; fileEncoding = 4; lastKnownFileType = sourcecode.swift; path = VKURLProtocol.swift; sourceTree = "<group>"; };
		543BF7C31F6EE02F001E750C /* MarkdownTextAttachment.swift */ = {isa = PBXFileReference; fileEncoding = 4; lastKnownFileType = sourcecode.swift; path = MarkdownTextAttachment.swift; sourceTree = "<group>"; };
		543BF7C41F6EE02F001E750C /* VKDiffView.swift */ = {isa = PBXFileReference; fileEncoding = 4; lastKnownFileType = sourcecode.swift; path = VKDiffView.swift; sourceTree = "<group>"; };
		543BF7C51F6EE02F001E750C /* VKLayoutManager.swift */ = {isa = PBXFileReference; fileEncoding = 4; lastKnownFileType = sourcecode.swift; path = VKLayoutManager.swift; sourceTree = "<group>"; };
		543BF7C61F6EE02F001E750C /* VKTextStorage.swift */ = {isa = PBXFileReference; fileEncoding = 4; lastKnownFileType = sourcecode.swift; path = VKTextStorage.swift; sourceTree = "<group>"; };
		543BF7C71F6EE02F001E750C /* VKTextView.swift */ = {isa = PBXFileReference; fileEncoding = 4; lastKnownFileType = sourcecode.swift; path = VKTextView.swift; sourceTree = "<group>"; };
		543BF7CD1F6EE030001E750C /* DownloadUtils.swift */ = {isa = PBXFileReference; fileEncoding = 4; lastKnownFileType = sourcecode.swift; path = DownloadUtils.swift; sourceTree = "<group>"; };
		543BF7CE1F6EE030001E750C /* URLRouter.swift */ = {isa = PBXFileReference; fileEncoding = 4; lastKnownFileType = sourcecode.swift; path = URLRouter.swift; sourceTree = "<group>"; };
		543BF7CF1F6EE031001E750C /* VKFileBrowserDemo-Bridging-Header.h */ = {isa = PBXFileReference; fileEncoding = 4; lastKnownFileType = sourcecode.c.h; path = "VKFileBrowserDemo-Bridging-Header.h"; sourceTree = "<group>"; };
		543BF7D01F6EE032001E750C /* Media.xcassets */ = {isa = PBXFileReference; lastKnownFileType = folder.assetcatalog; path = Media.xcassets; sourceTree = "<group>"; };
		543BF7D11F6EE033001E750C /* VKSearchViewController.swift */ = {isa = PBXFileReference; fileEncoding = 4; lastKnownFileType = sourcecode.swift; path = VKSearchViewController.swift; sourceTree = "<group>"; };
		543BF7D31F6EE033001E750C /* BaseModel.swift */ = {isa = PBXFileReference; fileEncoding = 4; lastKnownFileType = sourcecode.swift; path = BaseModel.swift; sourceTree = "<group>"; };
		543BF7D41F6EE033001E750C /* ContentItemModel.swift */ = {isa = PBXFileReference; fileEncoding = 4; lastKnownFileType = sourcecode.swift; path = ContentItemModel.swift; sourceTree = "<group>"; };
		543BF7D51F6EE033001E750C /* ContentModel.swift */ = {isa = PBXFileReference; fileEncoding = 4; lastKnownFileType = sourcecode.swift; path = ContentModel.swift; sourceTree = "<group>"; };
		543BF7D61F6EE033001E750C /* RepositoryModel.swift */ = {isa = PBXFileReference; fileEncoding = 4; lastKnownFileType = sourcecode.swift; path = RepositoryModel.swift; sourceTree = "<group>"; };
		543BF7D71F6EE034001E750C /* Constant.swift */ = {isa = PBXFileReference; fileEncoding = 4; lastKnownFileType = sourcecode.swift; path = Constant.swift; sourceTree = "<group>"; };
		543BF7D81F6EE035001E750C /* MarkdownViewController.swift */ = {isa = PBXFileReference; fileEncoding = 4; lastKnownFileType = sourcecode.swift; path = MarkdownViewController.swift; sourceTree = "<group>"; };
		543BF7D91F6EE036001E750C /* VKFile.swift */ = {isa = PBXFileReference; fileEncoding = 4; lastKnownFileType = sourcecode.swift; path = VKFile.swift; sourceTree = "<group>"; };
		543BF7DA1F6EE036001E750C /* SourceViewController.swift */ = {isa = PBXFileReference; fileEncoding = 4; lastKnownFileType = sourcecode.swift; path = SourceViewController.swift; sourceTree = "<group>"; };
		543BF7DC1F6EE037001E750C /* BaseViewController.swift */ = {isa = PBXFileReference; fileEncoding = 4; lastKnownFileType = sourcecode.swift; path = BaseViewController.swift; sourceTree = "<group>"; };
		543BF7DE1F6EE038001E750C /* Extension.swift */ = {isa = PBXFileReference; fileEncoding = 4; lastKnownFileType = sourcecode.swift; path = Extension.swift; sourceTree = "<group>"; };
		543BF7DF1F6EE039001E750C /* VKFileManager.swift */ = {isa = PBXFileReference; fileEncoding = 4; lastKnownFileType = sourcecode.swift; path = VKFileManager.swift; sourceTree = "<group>"; };
		543BF7E21F6EE039001E750C /* en */ = {isa = PBXFileReference; lastKnownFileType = text.plist.strings; name = en; path = Localizable.strings; sourceTree = "<group>"; };
		544194CE1F6EAB840032C7D9 /* UITextField+Rx.swift */ = {isa = PBXFileReference; lastKnownFileType = sourcecode.swift; path = "UITextField+Rx.swift"; sourceTree = "<group>"; };
		54475DD61D9D949200B0BB49 /* File Browser.app */ = {isa = PBXFileReference; explicitFileType = wrapper.application; includeInIndex = 0; path = "File Browser.app"; sourceTree = BUILT_PRODUCTS_DIR; };
		54475DD91D9D949200B0BB49 /* AppDelegate.swift */ = {isa = PBXFileReference; lastKnownFileType = sourcecode.swift; path = AppDelegate.swift; sourceTree = "<group>"; };
		54475DDB1D9D949200B0BB49 /* ViewController.swift */ = {isa = PBXFileReference; lastKnownFileType = sourcecode.swift; path = ViewController.swift; sourceTree = "<group>"; };
		54475DDE1D9D949200B0BB49 /* Base */ = {isa = PBXFileReference; lastKnownFileType = file.storyboard; name = Base; path = Base.lproj/Main.storyboard; sourceTree = "<group>"; };
		54475DE31D9D949200B0BB49 /* Assets.xcassets */ = {isa = PBXFileReference; lastKnownFileType = folder.assetcatalog; path = Assets.xcassets; sourceTree = "<group>"; };
		54475DE61D9D949200B0BB49 /* Base */ = {isa = PBXFileReference; lastKnownFileType = file.storyboard; name = Base; path = Base.lproj/LaunchScreen.storyboard; sourceTree = "<group>"; };
		54475DE81D9D949200B0BB49 /* Info.plist */ = {isa = PBXFileReference; lastKnownFileType = text.plist.xml; path = Info.plist; sourceTree = "<group>"; };
		547061181F5EED9000A5E508 /* Cocoa.framework */ = {isa = PBXFileReference; lastKnownFileType = wrapper.framework; name = Cocoa.framework; path = ../../../../../../System/Library/Frameworks/Cocoa.framework; sourceTree = "<group>"; };
		5471AD511F48AE0A00CBDDDD /* CloneViewController.swift */ = {isa = PBXFileReference; fileEncoding = 4; lastKnownFileType = sourcecode.swift; path = CloneViewController.swift; sourceTree = "<group>"; };
		5471AD521F48AE0A00CBDDDD /* CloneViewController.xib */ = {isa = PBXFileReference; fileEncoding = 4; lastKnownFileType = file.xib; path = CloneViewController.xib; sourceTree = "<group>"; };
		547600E31F46E02C0014AC95 /* VKSpiltViewController.swift */ = {isa = PBXFileReference; fileEncoding = 4; lastKnownFileType = sourcecode.swift; path = VKSpiltViewController.swift; sourceTree = "<group>"; };
		547600E51F46E2650014AC95 /* RootViewController.swift */ = {isa = PBXFileReference; fileEncoding = 4; lastKnownFileType = sourcecode.swift; path = RootViewController.swift; sourceTree = "<group>"; };
		5477126A1F5321F700B360F1 /* XCTest.framework */ = {isa = PBXFileReference; lastKnownFileType = wrapper.framework; name = XCTest.framework; path = Platforms/iPhoneOS.platform/Developer/Library/Frameworks/XCTest.framework; sourceTree = DEVELOPER_DIR; };
		54779DC81F54749900AEC1C0 /* SettingsTableViewController.swift */ = {isa = PBXFileReference; fileEncoding = 4; lastKnownFileType = sourcecode.swift; path = SettingsTableViewController.swift; sourceTree = "<group>"; };
		54779DCA1F5475EA00AEC1C0 /* Settings.bundle */ = {isa = PBXFileReference; lastKnownFileType = "wrapper.plug-in"; path = Settings.bundle; sourceTree = "<group>"; };
		547D35531F6D85E9006F785C /* HistoryItem.swift */ = {isa = PBXFileReference; lastKnownFileType = sourcecode.swift; path = HistoryItem.swift; sourceTree = "<group>"; };
		547E318D1F4D3F1E003C0CC5 /* RemoteViewController.swift */ = {isa = PBXFileReference; fileEncoding = 4; lastKnownFileType = sourcecode.swift; path = RemoteViewController.swift; sourceTree = "<group>"; };
		547E318E1F4D3F1E003C0CC5 /* RemoteViewController.xib */ = {isa = PBXFileReference; fileEncoding = 4; lastKnownFileType = file.xib; path = RemoteViewController.xib; sourceTree = "<group>"; };
		5481682B1F6A6F1D00D59DB7 /* NetworkItem.swift */ = {isa = PBXFileReference; lastKnownFileType = sourcecode.swift; path = NetworkItem.swift; sourceTree = "<group>"; };
		5483B7DD1F41575400782760 /* README.md */ = {isa = PBXFileReference; fileEncoding = 4; lastKnownFileType = net.daringfireball.markdown; name = README.md; path = ../../README.md; sourceTree = "<group>"; };
		548AFB1C1F4BD459008C6F4B /* RepositoryViewController.swift */ = {isa = PBXFileReference; fileEncoding = 4; lastKnownFileType = sourcecode.swift; path = RepositoryViewController.swift; sourceTree = "<group>"; };
		548AFB1D1F4BD459008C6F4B /* RepositoryViewController.xib */ = {isa = PBXFileReference; fileEncoding = 4; lastKnownFileType = file.xib; path = RepositoryViewController.xib; sourceTree = "<group>"; };
		5490E20E1F5516A30041D232 /* DefaultsKeys.swift */ = {isa = PBXFileReference; fileEncoding = 4; lastKnownFileType = sourcecode.swift; path = DefaultsKeys.swift; sourceTree = "<group>"; };
		54962AA51F53B07800E75239 /* Security.framework */ = {isa = PBXFileReference; lastKnownFileType = wrapper.framework; name = Security.framework; path = System/Library/Frameworks/Security.framework; sourceTree = SDKROOT; };
		54B7BC011F6685F600B3D5D2 /* WebBrowserController.swift */ = {isa = PBXFileReference; lastKnownFileType = sourcecode.swift; path = WebBrowserController.swift; sourceTree = "<group>"; };
		54C835561F4ACF2800085756 /* libiconv.tbd */ = {isa = PBXFileReference; lastKnownFileType = "sourcecode.text-based-dylib-definition"; name = libiconv.tbd; path = usr/lib/libiconv.tbd; sourceTree = SDKROOT; };
		54D3D9771DA55B4800BD009C /* libz.tbd */ = {isa = PBXFileReference; lastKnownFileType = "sourcecode.text-based-dylib-definition"; name = libz.tbd; path = usr/lib/libz.tbd; sourceTree = SDKROOT; };
		54D3D9791DA55BBC00BD009C /* libxml2.tbd */ = {isa = PBXFileReference; lastKnownFileType = "sourcecode.text-based-dylib-definition"; name = libxml2.tbd; path = usr/lib/libxml2.tbd; sourceTree = SDKROOT; };
		54EED33D1F6A93EE00C2539D /* HeaderItem.swift */ = {isa = PBXFileReference; lastKnownFileType = sourcecode.swift; path = HeaderItem.swift; sourceTree = "<group>"; };
		5CB01436C1201A837CDE88BB /* Pods-VKFileBrowserDemoTests.release.xcconfig */ = {isa = PBXFileReference; includeInIndex = 1; lastKnownFileType = text.xcconfig; name = "Pods-VKFileBrowserDemoTests.release.xcconfig"; path = "Pods/Target Support Files/Pods-VKFileBrowserDemoTests/Pods-VKFileBrowserDemoTests.release.xcconfig"; sourceTree = "<group>"; };
		6DF85517019A3D33609F5A41 /* Pods_VKFileBrowserDemoUITests.framework */ = {isa = PBXFileReference; explicitFileType = wrapper.framework; includeInIndex = 0; path = Pods_VKFileBrowserDemoUITests.framework; sourceTree = BUILT_PRODUCTS_DIR; };
		6F6902C1E089A926CA87A2D6 /* Pods-VKFileBrowserDemoTests.debug.xcconfig */ = {isa = PBXFileReference; includeInIndex = 1; lastKnownFileType = text.xcconfig; name = "Pods-VKFileBrowserDemoTests.debug.xcconfig"; path = "Pods/Target Support Files/Pods-VKFileBrowserDemoTests/Pods-VKFileBrowserDemoTests.debug.xcconfig"; sourceTree = "<group>"; };
		A6B906550E37B8E37E3EC20D /* Pods_VKFileBrowserDemo.framework */ = {isa = PBXFileReference; explicitFileType = wrapper.framework; includeInIndex = 0; path = Pods_VKFileBrowserDemo.framework; sourceTree = BUILT_PRODUCTS_DIR; };
		A98C2ECAFC217698F3E2C09D /* Pods-VKFileBrowserDemoUITests.debug.xcconfig */ = {isa = PBXFileReference; includeInIndex = 1; lastKnownFileType = text.xcconfig; name = "Pods-VKFileBrowserDemoUITests.debug.xcconfig"; path = "Pods/Target Support Files/Pods-VKFileBrowserDemoUITests/Pods-VKFileBrowserDemoUITests.debug.xcconfig"; sourceTree = "<group>"; };
		BB889DED40EDFF3CAA706D55 /* Pods-VKFileBrowserDemo.debug.xcconfig */ = {isa = PBXFileReference; includeInIndex = 1; lastKnownFileType = text.xcconfig; name = "Pods-VKFileBrowserDemo.debug.xcconfig"; path = "Pods/Target Support Files/Pods-VKFileBrowserDemo/Pods-VKFileBrowserDemo.debug.xcconfig"; sourceTree = "<group>"; };
		CCF057DF7DB243D108D8C348 /* Pods-VKFileBrowserDemo.release.xcconfig */ = {isa = PBXFileReference; includeInIndex = 1; lastKnownFileType = text.xcconfig; name = "Pods-VKFileBrowserDemo.release.xcconfig"; path = "Pods/Target Support Files/Pods-VKFileBrowserDemo/Pods-VKFileBrowserDemo.release.xcconfig"; sourceTree = "<group>"; };
		F3246D5F0418C08A357BEAC6 /* Pods_VKFileBrowserDemoTests.framework */ = {isa = PBXFileReference; explicitFileType = wrapper.framework; includeInIndex = 0; path = Pods_VKFileBrowserDemoTests.framework; sourceTree = BUILT_PRODUCTS_DIR; };
/* End PBXFileReference section */

/* Begin PBXFrameworksBuildPhase section */
		54475DD31D9D949200B0BB49 /* Frameworks */ = {
			isa = PBXFrameworksBuildPhase;
			buildActionMask = 2147483647;
			files = (
				54962AA61F53B07800E75239 /* Security.framework in Frameworks */,
				54C835571F4ACF2800085756 /* libiconv.tbd in Frameworks */,
				54D3D97A1DA55BBC00BD009C /* libxml2.tbd in Frameworks */,
				543BF7E61F6EE03A001E750C /* libMultiMarkdown.a in Frameworks */,
				54D3D9781DA55B4800BD009C /* libz.tbd in Frameworks */,
				0E40653FC6656E87C546089F /* Pods_VKFileBrowserDemo.framework in Frameworks */,
			);
			runOnlyForDeploymentPostprocessing = 0;
		};
/* End PBXFrameworksBuildPhase section */

/* Begin PBXGroup section */
		06AB1DCEC7430CF08C36A322 /* Pods */ = {
			isa = PBXGroup;
			children = (
				BB889DED40EDFF3CAA706D55 /* Pods-VKFileBrowserDemo.debug.xcconfig */,
				CCF057DF7DB243D108D8C348 /* Pods-VKFileBrowserDemo.release.xcconfig */,
				6F6902C1E089A926CA87A2D6 /* Pods-VKFileBrowserDemoTests.debug.xcconfig */,
				5CB01436C1201A837CDE88BB /* Pods-VKFileBrowserDemoTests.release.xcconfig */,
				A98C2ECAFC217698F3E2C09D /* Pods-VKFileBrowserDemoUITests.debug.xcconfig */,
				17F2D5F8F5BD6381CDF5CBE4 /* Pods-VKFileBrowserDemoUITests.release.xcconfig */,
			);
			name = Pods;
			sourceTree = "<group>";
		};
		543BF4821F6EE02A001E750C /* vendor */ = {
			isa = PBXGroup;
			children = (
				543BF4831F6EE02A001E750C /* Frameworks */,
				543BF73A1F6EE02C001E750C /* LZMASDK */,
				543BF7601F6EE02C001E750C /* MultiMarkdown.swift */,
				543BF79F1F6EE02C001E750C /* ZipArchive */,
			);
			path = vendor;
			sourceTree = "<group>";
		};
		543BF4831F6EE02A001E750C /* Frameworks */ = {
			isa = PBXGroup;
			children = (
				543BF5251F6EE02A001E750C /* libMultiMarkdown.a */,
				543BF5261F6EE02A001E750C /* libMultiMarkdown.h */,
				543BF7281F6EE02C001E750C /* NSArray+StringArray.h */,
				543BF7291F6EE02C001E750C /* NSArray+StringArray.m */,
				543BF72A1F6EE02C001E750C /* SwiftGit2 */,
			);
			path = Frameworks;
			sourceTree = "<group>";
		};
		543BF72A1F6EE02C001E750C /* SwiftGit2 */ = {
			isa = PBXGroup;
			children = (
				543BF72B1F6EE02C001E750C /* CheckoutStrategy.swift */,
				543BF72C1F6EE02C001E750C /* CommitIterator.swift */,
				543BF72D1F6EE02C001E750C /* Credentials.swift */,
				543BF72E1F6EE02C001E750C /* Errors.swift */,
				543BF72F1F6EE02C001E750C /* Info.plist */,
				543BF7301F6EE02C001E750C /* Libgit2.swift */,
				543BF7311F6EE02C001E750C /* Objects.swift */,
				543BF7321F6EE02C001E750C /* OID.swift */,
				543BF7331F6EE02C001E750C /* Pointers.swift */,
				543BF7341F6EE02C001E750C /* References.swift */,
				543BF7351F6EE02C001E750C /* Remotes.swift */,
				543BF7361F6EE02C001E750C /* Repository.swift */,
				543BF7371F6EE02C001E750C /* SwiftGit2.h */,
				543BF7381F6EE02C001E750C /* SwiftGit2.m */,
			);
			path = SwiftGit2;
			sourceTree = "<group>";
		};
		543BF73A1F6EE02C001E750C /* LZMASDK */ = {
			isa = PBXGroup;
			children = (
				543BF73B1F6EE02C001E750C /* 7z.h */,
				543BF73C1F6EE02C001E750C /* 7zBuf.c */,
				543BF73D1F6EE02C001E750C /* 7zBuf.h */,
				543BF73E1F6EE02C001E750C /* 7zBuf2.c */,
				543BF73F1F6EE02C001E750C /* 7zDec.c */,
				543BF7401F6EE02C001E750C /* 7zFile.c */,
				543BF7411F6EE02C001E750C /* 7zFile.h */,
				543BF7421F6EE02C001E750C /* 7zIn.c */,
				543BF7431F6EE02C001E750C /* 7zStream.c */,
				543BF7441F6EE02C001E750C /* 7zVersion.h */,
				543BF7451F6EE02C001E750C /* Alloc.c */,
				543BF7461F6EE02C001E750C /* Alloc.h */,
				543BF7471F6EE02C001E750C /* CpuArch.c */,
				543BF7481F6EE02C001E750C /* CpuArch.h */,
				543BF7491F6EE02C001E750C /* Delta.c */,
				543BF74A1F6EE02C001E750C /* Delta.h */,
				543BF74B1F6EE02C001E750C /* LzHash.h */,
				543BF74C1F6EE02C001E750C /* Lzma2Dec.c */,
				543BF74D1F6EE02C001E750C /* Lzma2Dec.h */,
				543BF74E1F6EE02C001E750C /* LzmaDec.c */,
				543BF74F1F6EE02C001E750C /* LzmaDec.h */,
				543BF7501F6EE02C001E750C /* LZMAExtractor.h */,
				543BF7511F6EE02C001E750C /* LZMAExtractor.m */,
				543BF7521F6EE02C001E750C /* Ppmd.h */,
				543BF7531F6EE02C001E750C /* Ppmd7.c */,
				543BF7541F6EE02C001E750C /* Ppmd7.h */,
				543BF7551F6EE02C001E750C /* Ppmd7Dec.c */,
				543BF7561F6EE02C001E750C /* Ppmd8.c */,
				543BF7571F6EE02C001E750C /* Ppmd8.h */,
				543BF7581F6EE02C001E750C /* Ppmd8Dec.c */,
				543BF7591F6EE02C001E750C /* RotateDefs.h */,
				543BF75A1F6EE02C001E750C /* Types.h */,
				543BF75B1F6EE02C001E750C /* Util */,
			);
			path = LZMASDK;
			sourceTree = "<group>";
		};
		543BF75B1F6EE02C001E750C /* Util */ = {
			isa = PBXGroup;
			children = (
				543BF75C1F6EE02C001E750C /* 7z */,
			);
			path = Util;
			sourceTree = "<group>";
		};
		543BF75C1F6EE02C001E750C /* 7z */ = {
			isa = PBXGroup;
			children = (
				543BF75D1F6EE02C001E750C /* 7zAlloc.c */,
				543BF75E1F6EE02C001E750C /* 7zAlloc.h */,
				543BF75F1F6EE02C001E750C /* 7zMain.c */,
			);
			path = 7z;
			sourceTree = "<group>";
		};
		543BF79F1F6EE02C001E750C /* ZipArchive */ = {
			isa = PBXGroup;
			children = (
				543BF7A01F6EE02C001E750C /* minizip */,
				543BF7AA1F6EE02C001E750C /* SSZipArchive.h */,
				543BF7AB1F6EE02C001E750C /* SSZipArchive.m */,
			);
			path = ZipArchive;
			sourceTree = "<group>";
		};
		543BF7A01F6EE02C001E750C /* minizip */ = {
			isa = PBXGroup;
			children = (
				543BF7A11F6EE02C001E750C /* crypt.h */,
				543BF7A21F6EE02C001E750C /* ioapi.c */,
				543BF7A31F6EE02C001E750C /* ioapi.h */,
				543BF7A41F6EE02C001E750C /* mztools.c */,
				543BF7A51F6EE02C001E750C /* mztools.h */,
				543BF7A61F6EE02C001E750C /* unzip.c */,
				543BF7A71F6EE02C001E750C /* unzip.h */,
				543BF7A81F6EE02C001E750C /* zip.c */,
				543BF7A91F6EE02C001E750C /* zip.h */,
			);
			path = minizip;
			sourceTree = "<group>";
		};
		543BF7AF1F6EE02D001E750C /* Base.lproj */ = {
			isa = PBXGroup;
			children = (
				543BF7B01F6EE02D001E750C /* Localizable.strings */,
			);
			path = Base.lproj;
			sourceTree = "<group>";
		};
		543BF7B21F6EE02D001E750C /* Git */ = {
			isa = PBXGroup;
			children = (
				543BF7B31F6EE02D001E750C /* Blame.swift */,
				543BF7B41F6EE02D001E750C /* Branch.swift */,
				543BF7B51F6EE02D001E750C /* Commits.swift */,
				543BF7B61F6EE02D001E750C /* Diff.swift */,
				543BF7B71F6EE02D001E750C /* HEAD.swift */,
				543BF7B81F6EE02D001E750C /* Log.swift */,
				543BF7B91F6EE02D001E750C /* Pathspec.swift */,
				543BF7BA1F6EE02D001E750C /* Reflog.swift */,
				543BF7BB1F6EE02D001E750C /* Remote.swift */,
				543BF7BC1F6EE02D001E750C /* RepositoryUtils.swift */,
				543BF7BD1F6EE02D001E750C /* Revwalk.swift */,
				543BF7BE1F6EE02D001E750C /* Status.swift */,
			);
			path = Git;
			sourceTree = "<group>";
		};
		543BF7BF1F6EE02D001E750C /* URL */ = {
			isa = PBXGroup;
			children = (
				543BF7C01F6EE02E001E750C /* VKURLProtocol.swift */,
			);
			path = URL;
			sourceTree = "<group>";
		};
		543BF7C21F6EE02F001E750C /* Widget */ = {
			isa = PBXGroup;
			children = (
				543BF7C31F6EE02F001E750C /* MarkdownTextAttachment.swift */,
				543BF7C41F6EE02F001E750C /* VKDiffView.swift */,
				543BF7C51F6EE02F001E750C /* VKLayoutManager.swift */,
				543BF7C61F6EE02F001E750C /* VKTextStorage.swift */,
				543BF7C71F6EE02F001E750C /* VKTextView.swift */,
			);
			path = Widget;
			sourceTree = "<group>";
		};
		543BF7CC1F6EE030001E750C /* Network */ = {
			isa = PBXGroup;
			children = (
				543BF7CD1F6EE030001E750C /* DownloadUtils.swift */,
				543BF7CE1F6EE030001E750C /* URLRouter.swift */,
			);
			path = Network;
			sourceTree = "<group>";
		};
		543BF7D21F6EE033001E750C /* Model */ = {
			isa = PBXGroup;
			children = (
				543BF7D31F6EE033001E750C /* BaseModel.swift */,
				543BF7D41F6EE033001E750C /* ContentItemModel.swift */,
				543BF7D51F6EE033001E750C /* ContentModel.swift */,
				543BF7D61F6EE033001E750C /* RepositoryModel.swift */,
			);
			path = Model;
			sourceTree = "<group>";
		};
		543BF7E01F6EE039001E750C /* en.lproj */ = {
			isa = PBXGroup;
			children = (
				543BF7E11F6EE039001E750C /* Localizable.strings */,
			);
			path = en.lproj;
			sourceTree = "<group>";
		};
		54475DCD1D9D949200B0BB49 = {
			isa = PBXGroup;
			children = (
				54475DD81D9D949200B0BB49 /* VKFileBrowserDemo */,
				54475DD71D9D949200B0BB49 /* Products */,
				E3083DC0E4552EA83E09C30C /* Frameworks */,
				06AB1DCEC7430CF08C36A322 /* Pods */,
			);
			sourceTree = "<group>";
		};
		54475DD71D9D949200B0BB49 /* Products */ = {
			isa = PBXGroup;
			children = (
				54475DD61D9D949200B0BB49 /* File Browser.app */,
			);
			name = Products;
			sourceTree = "<group>";
		};
		54475DD81D9D949200B0BB49 /* VKFileBrowserDemo */ = {
			isa = PBXGroup;
			children = (
				54779DCA1F5475EA00AEC1C0 /* Settings.bundle */,
				543BF7CF1F6EE031001E750C /* VKFileBrowserDemo-Bridging-Header.h */,
				5483B7DD1F41575400782760 /* README.md */,
				54475DE81D9D949200B0BB49 /* Info.plist */,
				54475DD91D9D949200B0BB49 /* AppDelegate.swift */,
				543BF7DC1F6EE037001E750C /* BaseViewController.swift */,
				5471AD511F48AE0A00CBDDDD /* CloneViewController.swift */,
				543BF7D71F6EE034001E750C /* Constant.swift */,
				5490E20E1F5516A30041D232 /* DefaultsKeys.swift */,
				543BF7DE1F6EE038001E750C /* Extension.swift */,
				54EED33D1F6A93EE00C2539D /* HeaderItem.swift */,
				547D35531F6D85E9006F785C /* HistoryItem.swift */,
				543BF7D81F6EE035001E750C /* MarkdownViewController.swift */,
				5481682B1F6A6F1D00D59DB7 /* NetworkItem.swift */,
				547E318D1F4D3F1E003C0CC5 /* RemoteViewController.swift */,
				548AFB1C1F4BD459008C6F4B /* RepositoryViewController.swift */,
				547600E51F46E2650014AC95 /* RootViewController.swift */,
				54779DC81F54749900AEC1C0 /* SettingsTableViewController.swift */,
				543BF7DA1F6EE036001E750C /* SourceViewController.swift */,
				544194CE1F6EAB840032C7D9 /* UITextField+Rx.swift */,
				54475DDB1D9D949200B0BB49 /* ViewController.swift */,
				543BF7D91F6EE036001E750C /* VKFile.swift */,
				543BF7DF1F6EE039001E750C /* VKFileManager.swift */,
				543BF7D11F6EE033001E750C /* VKSearchViewController.swift */,
				547600E31F46E02C0014AC95 /* VKSpiltViewController.swift */,
				54B7BC011F6685F600B3D5D2 /* WebBrowserController.swift */,
				54475DE31D9D949200B0BB49 /* Assets.xcassets */,
				543BF7D01F6EE032001E750C /* Media.xcassets */,
				5471AD521F48AE0A00CBDDDD /* CloneViewController.xib */,
				547E318E1F4D3F1E003C0CC5 /* RemoteViewController.xib */,
				548AFB1D1F4BD459008C6F4B /* RepositoryViewController.xib */,
				543BF7AF1F6EE02D001E750C /* Base.lproj */,
				543BF7E01F6EE039001E750C /* en.lproj */,
				543BF7B21F6EE02D001E750C /* Git */,
				54475DE51D9D949200B0BB49 /* LaunchScreen.storyboard */,
				54475DDD1D9D949200B0BB49 /* Main.storyboard */,
				543BF7D21F6EE033001E750C /* Model */,
				543BF7CC1F6EE030001E750C /* Network */,
				543BF7BF1F6EE02D001E750C /* URL */,
				543BF4821F6EE02A001E750C /* vendor */,
				543BF7C21F6EE02F001E750C /* Widget */,
			);
			path = VKFileBrowserDemo;
			sourceTree = "<group>";
		};
		E3083DC0E4552EA83E09C30C /* Frameworks */ = {
			isa = PBXGroup;
			children = (
				547061181F5EED9000A5E508 /* Cocoa.framework */,
				54962AA51F53B07800E75239 /* Security.framework */,
				5477126A1F5321F700B360F1 /* XCTest.framework */,
				54C835561F4ACF2800085756 /* libiconv.tbd */,
				54D3D9791DA55BBC00BD009C /* libxml2.tbd */,
				54D3D9771DA55B4800BD009C /* libz.tbd */,
				A6B906550E37B8E37E3EC20D /* Pods_VKFileBrowserDemo.framework */,
				F3246D5F0418C08A357BEAC6 /* Pods_VKFileBrowserDemoTests.framework */,
				6DF85517019A3D33609F5A41 /* Pods_VKFileBrowserDemoUITests.framework */,
			);
			name = Frameworks;
			sourceTree = "<group>";
		};
/* End PBXGroup section */

/* Begin PBXNativeTarget section */
		54475DD51D9D949200B0BB49 /* VKFileBrowserDemo */ = {
			isa = PBXNativeTarget;
			buildConfigurationList = 54475E011D9D949200B0BB49 /* Build configuration list for PBXNativeTarget "VKFileBrowserDemo" */;
			buildPhases = (
				F17B0BE39F77035F7E8E3F89 /* [CP] Check Pods Manifest.lock */,
				54475DD21D9D949200B0BB49 /* Sources */,
				54475DD31D9D949200B0BB49 /* Frameworks */,
				54475DD41D9D949200B0BB49 /* Resources */,
				54D3D9721DA55A6B00BD009C /* Embed PlugIns */,
				E129D9330546EE165839FEB6 /* [CP] Embed Pods Frameworks */,
				ED8FB2DAD8DB282A25A0CCEB /* [CP] Copy Pods Resources */,
			);
			buildRules = (
			);
			dependencies = (
			);
			name = VKFileBrowserDemo;
			productName = VKFileBrowserDemo;
			productReference = 54475DD61D9D949200B0BB49 /* File Browser.app */;
			productType = "com.apple.product-type.application";
		};
/* End PBXNativeTarget section */

/* Begin PBXProject section */
		54475DCE1D9D949200B0BB49 /* Project object */ = {
			isa = PBXProject;
			attributes = {
				LastSwiftUpdateCheck = 0820;
				LastUpgradeCheck = 0800;
				ORGANIZATIONNAME = vk;
				TargetAttributes = {
					54475DD51D9D949200B0BB49 = {
						CreatedOnToolsVersion = 8.0;
						DevelopmentTeam = 8QPQ64G7PT;
						LastSwiftMigration = 0800;
						ProvisioningStyle = Automatic;
					};
				};
			};
			buildConfigurationList = 54475DD11D9D949200B0BB49 /* Build configuration list for PBXProject "VKFileBrowserDemo" */;
			compatibilityVersion = "Xcode 3.2";
			developmentRegion = English;
			hasScannedForEncodings = 0;
			knownRegions = (
				en,
				Base,
				"zh-Hans",
			);
			mainGroup = 54475DCD1D9D949200B0BB49;
			productRefGroup = 54475DD71D9D949200B0BB49 /* Products */;
			projectDirPath = "";
			projectRoot = "";
			targets = (
				54475DD51D9D949200B0BB49 /* VKFileBrowserDemo */,
			);
		};
/* End PBXProject section */

/* Begin PBXResourcesBuildPhase section */
		54475DD41D9D949200B0BB49 /* Resources */ = {
			isa = PBXResourcesBuildPhase;
			buildActionMask = 2147483647;
			files = (
				543BFA0A1F6EE03B001E750C /* Localizable.strings in Resources */,
				547E31901F4D3F1E003C0CC5 /* RemoteViewController.xib in Resources */,
				543BF9BD1F6EE03B001E750C /* Info.plist in Resources */,
				543BF9FB1F6EE03B001E750C /* Media.xcassets in Resources */,
				54779DCB1F5475EA00AEC1C0 /* Settings.bundle in Resources */,
				54475DE71D9D949200B0BB49 /* LaunchScreen.storyboard in Resources */,
				548AFB1F1F4BD459008C6F4B /* RepositoryViewController.xib in Resources */,
				5471AD541F48AE0A00CBDDDD /* CloneViewController.xib in Resources */,
				54475DE41D9D949200B0BB49 /* Assets.xcassets in Resources */,
				54475DDF1D9D949200B0BB49 /* Main.storyboard in Resources */,
				543BF9E31F6EE03B001E750C /* Localizable.strings in Resources */,
			);
			runOnlyForDeploymentPostprocessing = 0;
		};
/* End PBXResourcesBuildPhase section */

/* Begin PBXShellScriptBuildPhase section */
		E129D9330546EE165839FEB6 /* [CP] Embed Pods Frameworks */ = {
			isa = PBXShellScriptBuildPhase;
			buildActionMask = 2147483647;
			files = (
			);
			inputPaths = (
				"${SRCROOT}/Pods/Target Support Files/Pods-VKFileBrowserDemo/Pods-VKFileBrowserDemo-frameworks.sh",
				"${BUILT_PRODUCTS_DIR}/AMScrollingNavbar/AMScrollingNavbar.framework",
				"${BUILT_PRODUCTS_DIR}/Alamofire/Alamofire.framework",
				"${BUILT_PRODUCTS_DIR}/CYRTextView/CYRTextView.framework",
				"${BUILT_PRODUCTS_DIR}/ChameleonFramework/ChameleonFramework.framework",
				"${BUILT_PRODUCTS_DIR}/CocoaLumberjack/CocoaLumberjack.framework",
				"${BUILT_PRODUCTS_DIR}/DACircularProgress/DACircularProgress.framework",
				"${BUILT_PRODUCTS_DIR}/GCDWebServer/GCDWebServer.framework",
				"${BUILT_PRODUCTS_DIR}/Hero/Hero.framework",
				"${BUILT_PRODUCTS_DIR}/Highlightr/Highlightr.framework",
				"${BUILT_PRODUCTS_DIR}/InAppSettingsKit/InAppSettingsKit.framework",
				"${BUILT_PRODUCTS_DIR}/MBProgressHUD/MBProgressHUD.framework",
				"${BUILT_PRODUCTS_DIR}/MGSwipeTableCell/MGSwipeTableCell.framework",
				"${BUILT_PRODUCTS_DIR}/MJExtension/MJExtension.framework",
				"${BUILT_PRODUCTS_DIR}/MJRefresh/MJRefresh.framework",
				"${BUILT_PRODUCTS_DIR}/MWPhotoBrowser/MWPhotoBrowser.framework",
				"${BUILT_PRODUCTS_DIR}/Moya/Moya.framework",
				"${BUILT_PRODUCTS_DIR}/ReachabilitySwift/ReachabilitySwift.framework",
				"${BUILT_PRODUCTS_DIR}/Realm/Realm.framework",
				"${BUILT_PRODUCTS_DIR}/RealmSwift/RealmSwift.framework",
				"${BUILT_PRODUCTS_DIR}/Result/Result.framework",
				"${BUILT_PRODUCTS_DIR}/RxCocoa/RxCocoa.framework",
				"${BUILT_PRODUCTS_DIR}/RxDataSources/RxDataSources.framework",
				"${BUILT_PRODUCTS_DIR}/RxRealm/RxRealm.framework",
				"${BUILT_PRODUCTS_DIR}/RxRealmDataSources/RxRealmDataSources.framework",
				"${BUILT_PRODUCTS_DIR}/RxSwift/RxSwift.framework",
				"${BUILT_PRODUCTS_DIR}/SCLAlertView/SCLAlertView.framework",
				"${BUILT_PRODUCTS_DIR}/SDWebImage/SDWebImage.framework",
				"${BUILT_PRODUCTS_DIR}/SVProgressHUD/SVProgressHUD.framework",
				"${BUILT_PRODUCTS_DIR}/SnapKit/SnapKit.framework",
				"${BUILT_PRODUCTS_DIR}/SwiftyMarkdown/SwiftyMarkdown.framework",
				"${BUILT_PRODUCTS_DIR}/SwiftyUserDefaults/SwiftyUserDefaults.framework",
				"${BUILT_PRODUCTS_DIR}/SwipeCellKit/SwipeCellKit.framework",
				"${BUILT_PRODUCTS_DIR}/TinyConsole/TinyConsole.framework",
				"${BUILT_PRODUCTS_DIR}/VBFPopFlatButton/VBFPopFlatButton.framework",
				"${BUILT_PRODUCTS_DIR}/pop/pop.framework",
			);
			name = "[CP] Embed Pods Frameworks";
			outputPaths = (
				"${TARGET_BUILD_DIR}/${FRAMEWORKS_FOLDER_PATH}/AMScrollingNavbar.framework",
				"${TARGET_BUILD_DIR}/${FRAMEWORKS_FOLDER_PATH}/Alamofire.framework",
				"${TARGET_BUILD_DIR}/${FRAMEWORKS_FOLDER_PATH}/CYRTextView.framework",
				"${TARGET_BUILD_DIR}/${FRAMEWORKS_FOLDER_PATH}/ChameleonFramework.framework",
				"${TARGET_BUILD_DIR}/${FRAMEWORKS_FOLDER_PATH}/CocoaLumberjack.framework",
				"${TARGET_BUILD_DIR}/${FRAMEWORKS_FOLDER_PATH}/DACircularProgress.framework",
				"${TARGET_BUILD_DIR}/${FRAMEWORKS_FOLDER_PATH}/GCDWebServer.framework",
				"${TARGET_BUILD_DIR}/${FRAMEWORKS_FOLDER_PATH}/Hero.framework",
				"${TARGET_BUILD_DIR}/${FRAMEWORKS_FOLDER_PATH}/Highlightr.framework",
				"${TARGET_BUILD_DIR}/${FRAMEWORKS_FOLDER_PATH}/InAppSettingsKit.framework",
				"${TARGET_BUILD_DIR}/${FRAMEWORKS_FOLDER_PATH}/MBProgressHUD.framework",
				"${TARGET_BUILD_DIR}/${FRAMEWORKS_FOLDER_PATH}/MGSwipeTableCell.framework",
				"${TARGET_BUILD_DIR}/${FRAMEWORKS_FOLDER_PATH}/MJExtension.framework",
				"${TARGET_BUILD_DIR}/${FRAMEWORKS_FOLDER_PATH}/MJRefresh.framework",
				"${TARGET_BUILD_DIR}/${FRAMEWORKS_FOLDER_PATH}/MWPhotoBrowser.framework",
				"${TARGET_BUILD_DIR}/${FRAMEWORKS_FOLDER_PATH}/Moya.framework",
				"${TARGET_BUILD_DIR}/${FRAMEWORKS_FOLDER_PATH}/ReachabilitySwift.framework",
				"${TARGET_BUILD_DIR}/${FRAMEWORKS_FOLDER_PATH}/Realm.framework",
				"${TARGET_BUILD_DIR}/${FRAMEWORKS_FOLDER_PATH}/RealmSwift.framework",
				"${TARGET_BUILD_DIR}/${FRAMEWORKS_FOLDER_PATH}/Result.framework",
				"${TARGET_BUILD_DIR}/${FRAMEWORKS_FOLDER_PATH}/RxCocoa.framework",
				"${TARGET_BUILD_DIR}/${FRAMEWORKS_FOLDER_PATH}/RxDataSources.framework",
				"${TARGET_BUILD_DIR}/${FRAMEWORKS_FOLDER_PATH}/RxRealm.framework",
				"${TARGET_BUILD_DIR}/${FRAMEWORKS_FOLDER_PATH}/RxRealmDataSources.framework",
				"${TARGET_BUILD_DIR}/${FRAMEWORKS_FOLDER_PATH}/RxSwift.framework",
				"${TARGET_BUILD_DIR}/${FRAMEWORKS_FOLDER_PATH}/SCLAlertView.framework",
				"${TARGET_BUILD_DIR}/${FRAMEWORKS_FOLDER_PATH}/SDWebImage.framework",
				"${TARGET_BUILD_DIR}/${FRAMEWORKS_FOLDER_PATH}/SVProgressHUD.framework",
				"${TARGET_BUILD_DIR}/${FRAMEWORKS_FOLDER_PATH}/SnapKit.framework",
				"${TARGET_BUILD_DIR}/${FRAMEWORKS_FOLDER_PATH}/SwiftyMarkdown.framework",
				"${TARGET_BUILD_DIR}/${FRAMEWORKS_FOLDER_PATH}/SwiftyUserDefaults.framework",
				"${TARGET_BUILD_DIR}/${FRAMEWORKS_FOLDER_PATH}/SwipeCellKit.framework",
				"${TARGET_BUILD_DIR}/${FRAMEWORKS_FOLDER_PATH}/TinyConsole.framework",
				"${TARGET_BUILD_DIR}/${FRAMEWORKS_FOLDER_PATH}/VBFPopFlatButton.framework",
				"${TARGET_BUILD_DIR}/${FRAMEWORKS_FOLDER_PATH}/pop.framework",
			);
			runOnlyForDeploymentPostprocessing = 0;
			shellPath = /bin/sh;
			shellScript = "\"${SRCROOT}/Pods/Target Support Files/Pods-VKFileBrowserDemo/Pods-VKFileBrowserDemo-frameworks.sh\"\n";
			showEnvVarsInLog = 0;
		};
		ED8FB2DAD8DB282A25A0CCEB /* [CP] Copy Pods Resources */ = {
			isa = PBXShellScriptBuildPhase;
			buildActionMask = 2147483647;
			files = (
			);
			inputPaths = (
			);
			name = "[CP] Copy Pods Resources";
			outputPaths = (
			);
			runOnlyForDeploymentPostprocessing = 0;
			shellPath = /bin/sh;
			shellScript = "\"${SRCROOT}/Pods/Target Support Files/Pods-VKFileBrowserDemo/Pods-VKFileBrowserDemo-resources.sh\"\n";
			showEnvVarsInLog = 0;
		};
		F17B0BE39F77035F7E8E3F89 /* [CP] Check Pods Manifest.lock */ = {
			isa = PBXShellScriptBuildPhase;
			buildActionMask = 2147483647;
			files = (
			);
			inputPaths = (
				"${PODS_PODFILE_DIR_PATH}/Podfile.lock",
				"${PODS_ROOT}/Manifest.lock",
			);
			name = "[CP] Check Pods Manifest.lock";
			outputPaths = (
				"$(DERIVED_FILE_DIR)/Pods-VKFileBrowserDemo-checkManifestLockResult.txt",
			);
			runOnlyForDeploymentPostprocessing = 0;
			shellPath = /bin/sh;
			shellScript = "diff \"${PODS_PODFILE_DIR_PATH}/Podfile.lock\" \"${PODS_ROOT}/Manifest.lock\" > /dev/null\nif [ $? != 0 ] ; then\n    # print error to STDERR\n    echo \"error: The sandbox is not in sync with the Podfile.lock. Run 'pod install' or update your CocoaPods installation.\" >&2\n    exit 1\nfi\n# This output is used by Xcode 'outputs' to avoid re-running this script phase.\necho \"SUCCESS\" > \"${SCRIPT_OUTPUT_FILE_0}\"\n";
			showEnvVarsInLog = 0;
		};
/* End PBXShellScriptBuildPhase section */

/* Begin PBXSourcesBuildPhase section */
		54475DD21D9D949200B0BB49 /* Sources */ = {
			isa = PBXSourcesBuildPhase;
			buildActionMask = 2147483647;
			files = (
				543BF9FD1F6EE03B001E750C /* BaseModel.swift in Sources */,
				543BF9C91F6EE03B001E750C /* 7zDec.c in Sources */,
				543BF9E01F6EE03B001E750C /* SSZipArchive.m in Sources */,
				543BF9FF1F6EE03B001E750C /* ContentModel.swift in Sources */,
				5481682C1F6A6F1D00D59DB7 /* NetworkItem.swift in Sources */,
				543BF9CD1F6EE03B001E750C /* Alloc.c in Sources */,
				543BF9E61F6EE03B001E750C /* Commits.swift in Sources */,
				547600E41F46E02C0014AC95 /* VKSpiltViewController.swift in Sources */,
				543BFA001F6EE03B001E750C /* RepositoryModel.swift in Sources */,
				543BF9EA1F6EE03B001E750C /* Pathspec.swift in Sources */,
				543BF9DF1F6EE03B001E750C /* zip.c in Sources */,
				543BF9FE1F6EE03B001E750C /* ContentItemModel.swift in Sources */,
				543BF9CF1F6EE03B001E750C /* Delta.c in Sources */,
				543BFA061F6EE03B001E750C /* BaseViewController.swift in Sources */,
				543BF9F91F6EE03B001E750C /* DownloadUtils.swift in Sources */,
				547E318F1F4D3F1E003C0CC5 /* RemoteViewController.swift in Sources */,
				543BF9F21F6EE03B001E750C /* MarkdownTextAttachment.swift in Sources */,
				543BF9C81F6EE03B001E750C /* 7zBuf2.c in Sources */,
				543BF9F51F6EE03B001E750C /* VKTextStorage.swift in Sources */,
				543BF9F31F6EE03B001E750C /* VKDiffView.swift in Sources */,
				543BF9D81F6EE03B001E750C /* 7zMain.c in Sources */,
				543BF9BB1F6EE03B001E750C /* Credentials.swift in Sources */,
				543BF9D21F6EE03B001E750C /* LZMAExtractor.m in Sources */,
				547D35541F6D85E9006F785C /* HistoryItem.swift in Sources */,
				543BF9C31F6EE03B001E750C /* Remotes.swift in Sources */,
				543BF9CA1F6EE03B001E750C /* 7zFile.c in Sources */,
				543BF9C11F6EE03B001E750C /* Pointers.swift in Sources */,
				543BF9BA1F6EE03B001E750C /* CommitIterator.swift in Sources */,
				543BFA091F6EE03B001E750C /* VKFileManager.swift in Sources */,
				543BF9C01F6EE03B001E750C /* OID.swift in Sources */,
				543BF9C51F6EE03B001E750C /* SwiftGit2.m in Sources */,
				548AFB1E1F4BD459008C6F4B /* RepositoryViewController.swift in Sources */,
				543BF9EC1F6EE03B001E750C /* Remote.swift in Sources */,
				543BFA041F6EE03B001E750C /* SourceViewController.swift in Sources */,
				54475DDC1D9D949200B0BB49 /* ViewController.swift in Sources */,
				543BF9E71F6EE03B001E750C /* Diff.swift in Sources */,
				5490E20F1F5516A30041D232 /* DefaultsKeys.swift in Sources */,
				543BFA021F6EE03B001E750C /* MarkdownViewController.swift in Sources */,
				543BF9F61F6EE03B001E750C /* VKTextView.swift in Sources */,
				543BF9DE1F6EE03B001E750C /* unzip.c in Sources */,
				543BF9C41F6EE03B001E750C /* Repository.swift in Sources */,
				543BF9CB1F6EE03B001E750C /* 7zIn.c in Sources */,
				543BF9B91F6EE03B001E750C /* CheckoutStrategy.swift in Sources */,
				543BF9ED1F6EE03B001E750C /* RepositoryUtils.swift in Sources */,
				5483B7DE1F41575400782760 /* README.md in Sources */,
				543BF9EB1F6EE03B001E750C /* Reflog.swift in Sources */,
				543BF9FC1F6EE03B001E750C /* VKSearchViewController.swift in Sources */,
				543BF9CC1F6EE03B001E750C /* 7zStream.c in Sources */,
				54B7BC031F6685F600B3D5D2 /* WebBrowserController.swift in Sources */,
				543BF9EF1F6EE03B001E750C /* Status.swift in Sources */,
				544194CF1F6EAB840032C7D9 /* UITextField+Rx.swift in Sources */,
				543BF9D01F6EE03B001E750C /* Lzma2Dec.c in Sources */,
				543BF9D71F6EE03B001E750C /* 7zAlloc.c in Sources */,
				547600E61F46E2650014AC95 /* RootViewController.swift in Sources */,
				543BF9E81F6EE03B001E750C /* HEAD.swift in Sources */,
				543BF9E51F6EE03B001E750C /* Branch.swift in Sources */,
				543BF9E91F6EE03B001E750C /* Log.swift in Sources */,
				543BF9BC1F6EE03B001E750C /* Errors.swift in Sources */,
				543BF9D51F6EE03B001E750C /* Ppmd8.c in Sources */,
				543BF9C21F6EE03B001E750C /* References.swift in Sources */,
				543BF9F41F6EE03B001E750C /* VKLayoutManager.swift in Sources */,
				543BFA011F6EE03B001E750C /* Constant.swift in Sources */,
				543BF9DC1F6EE03B001E750C /* ioapi.c in Sources */,
				543BF9F01F6EE03B001E750C /* VKURLProtocol.swift in Sources */,
				543BFA031F6EE03B001E750C /* VKFile.swift in Sources */,
				54EED33E1F6A93EE00C2539D /* HeaderItem.swift in Sources */,
				543BF9D61F6EE03B001E750C /* Ppmd8Dec.c in Sources */,
				543BF9B81F6EE03B001E750C /* NSArray+StringArray.m in Sources */,
				543BF9DD1F6EE03B001E750C /* mztools.c in Sources */,
				543BF9BE1F6EE03B001E750C /* Libgit2.swift in Sources */,
				543BF9D11F6EE03B001E750C /* LzmaDec.c in Sources */,
				543BF9EE1F6EE03B001E750C /* Revwalk.swift in Sources */,
				543BF9FA1F6EE03B001E750C /* URLRouter.swift in Sources */,
				543BF9C71F6EE03B001E750C /* 7zBuf.c in Sources */,
				5471AD531F48AE0A00CBDDDD /* CloneViewController.swift in Sources */,
				543BF9D41F6EE03B001E750C /* Ppmd7Dec.c in Sources */,
				543BF9BF1F6EE03B001E750C /* Objects.swift in Sources */,
				543BF9D91F6EE03B001E750C /* MultiMarkdown.swift in Sources */,
				54779DC91F54749900AEC1C0 /* SettingsTableViewController.swift in Sources */,
				54475DDA1D9D949200B0BB49 /* AppDelegate.swift in Sources */,
				543BF9CE1F6EE03B001E750C /* CpuArch.c in Sources */,
				543BFA081F6EE03B001E750C /* Extension.swift in Sources */,
				543BF9D31F6EE03B001E750C /* Ppmd7.c in Sources */,
				543BF9E41F6EE03B001E750C /* Blame.swift in Sources */,
			);
			runOnlyForDeploymentPostprocessing = 0;
		};
/* End PBXSourcesBuildPhase section */

/* Begin PBXVariantGroup section */
		543BF7B01F6EE02D001E750C /* Localizable.strings */ = {
			isa = PBXVariantGroup;
			children = (
				543BF7B11F6EE02D001E750C /* Base */,
			);
			name = Localizable.strings;
			sourceTree = "<group>";
		};
		543BF7E11F6EE039001E750C /* Localizable.strings */ = {
			isa = PBXVariantGroup;
			children = (
				543BF7E21F6EE039001E750C /* en */,
			);
			name = Localizable.strings;
			sourceTree = "<group>";
		};
		54475DDD1D9D949200B0BB49 /* Main.storyboard */ = {
			isa = PBXVariantGroup;
			children = (
				54475DDE1D9D949200B0BB49 /* Base */,
			);
			name = Main.storyboard;
			sourceTree = "<group>";
		};
		54475DE51D9D949200B0BB49 /* LaunchScreen.storyboard */ = {
			isa = PBXVariantGroup;
			children = (
				54475DE61D9D949200B0BB49 /* Base */,
			);
			name = LaunchScreen.storyboard;
			sourceTree = "<group>";
		};
/* End PBXVariantGroup section */

/* Begin XCBuildConfiguration section */
		54475DFF1D9D949200B0BB49 /* Debug */ = {
			isa = XCBuildConfiguration;
			buildSettings = {
				ALWAYS_SEARCH_USER_PATHS = NO;
				CLANG_ANALYZER_NONNULL = YES;
				CLANG_CXX_LANGUAGE_STANDARD = "gnu++0x";
				CLANG_CXX_LIBRARY = "libc++";
				CLANG_ENABLE_MODULES = YES;
				CLANG_ENABLE_OBJC_ARC = YES;
				CLANG_WARN_BOOL_CONVERSION = YES;
				CLANG_WARN_CONSTANT_CONVERSION = YES;
				CLANG_WARN_DIRECT_OBJC_ISA_USAGE = YES_ERROR;
				CLANG_WARN_DOCUMENTATION_COMMENTS = YES;
				CLANG_WARN_EMPTY_BODY = YES;
				CLANG_WARN_ENUM_CONVERSION = YES;
				CLANG_WARN_INFINITE_RECURSION = YES;
				CLANG_WARN_INT_CONVERSION = YES;
				CLANG_WARN_OBJC_ROOT_CLASS = YES_ERROR;
				CLANG_WARN_SUSPICIOUS_MOVES = YES;
				CLANG_WARN_UNREACHABLE_CODE = YES;
				CLANG_WARN__DUPLICATE_METHOD_MATCH = YES;
				"CODE_SIGN_IDENTITY[sdk=iphoneos*]" = "iPhone Developer";
				COPY_PHASE_STRIP = NO;
				DEBUG_INFORMATION_FORMAT = dwarf;
				ENABLE_STRICT_OBJC_MSGSEND = YES;
				ENABLE_TESTABILITY = YES;
				GCC_C_LANGUAGE_STANDARD = gnu99;
				GCC_DYNAMIC_NO_PIC = NO;
				GCC_NO_COMMON_BLOCKS = YES;
				GCC_OPTIMIZATION_LEVEL = 0;
				GCC_PREPROCESSOR_DEFINITIONS = (
					"DEBUG=1",
					"$(inherited)",
				);
				GCC_WARN_64_TO_32_BIT_CONVERSION = YES;
				GCC_WARN_ABOUT_RETURN_TYPE = YES_ERROR;
				GCC_WARN_UNDECLARED_SELECTOR = YES;
				GCC_WARN_UNINITIALIZED_AUTOS = YES_AGGRESSIVE;
				GCC_WARN_UNUSED_FUNCTION = YES;
				GCC_WARN_UNUSED_VARIABLE = YES;
				IPHONEOS_DEPLOYMENT_TARGET = 10.0;
				MTL_ENABLE_DEBUG_INFO = YES;
				ONLY_ACTIVE_ARCH = YES;
				SDKROOT = iphoneos;
				SWIFT_ACTIVE_COMPILATION_CONDITIONS = DEBUG;
				SWIFT_OPTIMIZATION_LEVEL = "-Onone";
				TARGETED_DEVICE_FAMILY = "1,2";
			};
			name = Debug;
		};
		54475E001D9D949200B0BB49 /* Release */ = {
			isa = XCBuildConfiguration;
			buildSettings = {
				ALWAYS_SEARCH_USER_PATHS = NO;
				CLANG_ANALYZER_NONNULL = YES;
				CLANG_CXX_LANGUAGE_STANDARD = "gnu++0x";
				CLANG_CXX_LIBRARY = "libc++";
				CLANG_ENABLE_MODULES = YES;
				CLANG_ENABLE_OBJC_ARC = YES;
				CLANG_WARN_BOOL_CONVERSION = YES;
				CLANG_WARN_CONSTANT_CONVERSION = YES;
				CLANG_WARN_DIRECT_OBJC_ISA_USAGE = YES_ERROR;
				CLANG_WARN_DOCUMENTATION_COMMENTS = YES;
				CLANG_WARN_EMPTY_BODY = YES;
				CLANG_WARN_ENUM_CONVERSION = YES;
				CLANG_WARN_INFINITE_RECURSION = YES;
				CLANG_WARN_INT_CONVERSION = YES;
				CLANG_WARN_OBJC_ROOT_CLASS = YES_ERROR;
				CLANG_WARN_SUSPICIOUS_MOVES = YES;
				CLANG_WARN_UNREACHABLE_CODE = YES;
				CLANG_WARN__DUPLICATE_METHOD_MATCH = YES;
				"CODE_SIGN_IDENTITY[sdk=iphoneos*]" = "iPhone Developer";
				COPY_PHASE_STRIP = NO;
				DEBUG_INFORMATION_FORMAT = "dwarf-with-dsym";
				ENABLE_NS_ASSERTIONS = NO;
				ENABLE_STRICT_OBJC_MSGSEND = YES;
				GCC_C_LANGUAGE_STANDARD = gnu99;
				GCC_NO_COMMON_BLOCKS = YES;
				GCC_WARN_64_TO_32_BIT_CONVERSION = YES;
				GCC_WARN_ABOUT_RETURN_TYPE = YES_ERROR;
				GCC_WARN_UNDECLARED_SELECTOR = YES;
				GCC_WARN_UNINITIALIZED_AUTOS = YES_AGGRESSIVE;
				GCC_WARN_UNUSED_FUNCTION = YES;
				GCC_WARN_UNUSED_VARIABLE = YES;
				IPHONEOS_DEPLOYMENT_TARGET = 10.0;
				MTL_ENABLE_DEBUG_INFO = NO;
				SDKROOT = iphoneos;
				SWIFT_OPTIMIZATION_LEVEL = "-Owholemodule";
				TARGETED_DEVICE_FAMILY = "1,2";
				VALIDATE_PRODUCT = YES;
			};
			name = Release;
		};
		54475E021D9D949200B0BB49 /* Debug */ = {
			isa = XCBuildConfiguration;
			baseConfigurationReference = BB889DED40EDFF3CAA706D55 /* Pods-VKFileBrowserDemo.debug.xcconfig */;
			buildSettings = {
				ALWAYS_SEARCH_USER_PATHS = YES;
				ARCHS = (
					"$(ARCHS_STANDARD)",
					"$(ARCHS_STANDARD_32_BIT)",
				);
				ASSETCATALOG_COMPILER_APPICON_NAME = AppIcon;
				CLANG_ANALYZER_SECURITY_FLOATLOOPCOUNTER = NO;
				CLANG_ANALYZER_SECURITY_INSECUREAPI_RAND = NO;
				CLANG_ANALYZER_SECURITY_INSECUREAPI_STRCPY = NO;
				CLANG_CXX_LANGUAGE_STANDARD = "compiler-default";
				CLANG_CXX_LIBRARY = "compiler-default";
				CLANG_ENABLE_MODULES = YES;
				DEFINES_MODULE = YES;
				DEVELOPMENT_TEAM = 8QPQ64G7PT;
				ENABLE_BITCODE = NO;
				FRAMEWORK_SEARCH_PATHS = (
					"$(inherited)",
					"$(PROJECT_DIR)/Pods/SARUnArchiveANY/Frameworks",
					"$(PROJECT_DIR)/VKFileBrowserDemo/vendor/Frameworks",
				);
				GCC_C_LANGUAGE_STANDARD = c99;
				GCC_OPTIMIZATION_LEVEL = 3;
				HEADER_SEARCH_PATHS = (
					"$(SDK_DIR)/usr/include/libxml2",
					"$(PROJECT_DIR)/VKFileBrowserDemo/vendor/Frameworks/include",
				);
				INFOPLIST_FILE = VKFileBrowserDemo/Info.plist;
				LD_RUNPATH_SEARCH_PATHS = "$(inherited) @executable_path/Frameworks";
				LIBRARY_SEARCH_PATHS = (
					"$(PROJECT_DIR)/VKFileBrowserDemo/vendor/Frameworks",
					"$(PROJECT_DIR)/VKFileBrowserDemo/vendor/Frameworks/libgit2-ios",
					"$(PROJECT_DIR)/VKFileBrowserDemo/vendor/Frameworks/libssh2-ios/lib",
					"$(PROJECT_DIR)/VKFileBrowserDemo/vendor/Frameworks/ios-openssl/lib",
					"$(PROJECT_DIR)/VKFileBrowserDemo/vendor/Frameworks/libssh2-ios/src/libssh2/src/.libs",
				);
				OTHER_LDFLAGS = (
					"$(inherited)",
					"-framework",
					"\"Alamofire\"",
					"-framework",
					"\"CocoaLumberjack\"",
					"-framework",
					"\"DACircularProgress\"",
					"-framework",
					"\"GCDWebServer\"",
					"-framework",
					"\"Highlightr\"",
					"-framework",
					"\"MBProgressHUD\"",
					"-framework",
					"\"MJExtension\"",
					"-framework",
					"\"MJRefresh\"",
					"-framework",
					"\"MWPhotoBrowser\"",
					"-framework",
					"\"SDWebImage\"",
					"-framework",
					"\"SwiftyMarkdown\"",
					"-force_load",
					"$(PROJECT_DIR)/VKFileBrowserDemo/vendor/Frameworks/libgit2-ios/libgit2-ios.a",
					"-lgit2-ios",
					"-lssh2-ios",
					"-lssl",
					"-lcrypto",
				);
				PRODUCT_BUNDLE_IDENTIFIER = com.vk.VKFileBrowser;
				PRODUCT_NAME = "File Browser";
				SWIFT_INCLUDE_PATHS = "$(PROJECT_DIR)/VKFileBrowserDemo/vendor/Frameworks/include";
				SWIFT_OBJC_BRIDGING_HEADER = "./VKFileBrowserDemo/VKFileBrowserDemo-Bridging-Header.h";
				SWIFT_OPTIMIZATION_LEVEL = "-Onone";
				SWIFT_VERSION = 3.0;
				USER_HEADER_SEARCH_PATHS = "${SRCROOT}/Pods/GCDWebServer/** ${SRCROOT}/Pods/SDWebImage/** ${SRCROOT}/Pods/MJRefresh/** ${SRCROOT}/Pods/MWPhotoBrowser/** ${SRCROOT}/Pods/MJExtension/** ${SRCROOT}/Pods/SVProgressHUD/** ${SRCROOT}/Pods/InAppSettingsKit/** ${SRCROOT}/Pods/ChameleonFramework/** ${SRCROOT}/Pods/CYRTextView/**";
				VALID_ARCHS = "armv7 armv7s arm64";
			};
			name = Debug;
		};
		54475E031D9D949200B0BB49 /* Release */ = {
			isa = XCBuildConfiguration;
			baseConfigurationReference = CCF057DF7DB243D108D8C348 /* Pods-VKFileBrowserDemo.release.xcconfig */;
			buildSettings = {
				ALWAYS_SEARCH_USER_PATHS = YES;
				ARCHS = (
					"$(ARCHS_STANDARD)",
					"$(ARCHS_STANDARD_32_BIT)",
				);
				ASSETCATALOG_COMPILER_APPICON_NAME = AppIcon;
				CLANG_ANALYZER_SECURITY_FLOATLOOPCOUNTER = NO;
				CLANG_ANALYZER_SECURITY_INSECUREAPI_RAND = NO;
				CLANG_ANALYZER_SECURITY_INSECUREAPI_STRCPY = NO;
				CLANG_CXX_LANGUAGE_STANDARD = "compiler-default";
				CLANG_CXX_LIBRARY = "compiler-default";
				CLANG_ENABLE_MODULES = YES;
				COPY_PHASE_STRIP = YES;
				DEFINES_MODULE = YES;
				DEVELOPMENT_TEAM = 8QPQ64G7PT;
				ENABLE_BITCODE = NO;
				FRAMEWORK_SEARCH_PATHS = (
					"$(inherited)",
					"$(PROJECT_DIR)/Pods/SARUnArchiveANY/Frameworks",
					"$(PROJECT_DIR)/VKFileBrowserDemo/vendor/Frameworks",
				);
				GCC_C_LANGUAGE_STANDARD = c99;
				HEADER_SEARCH_PATHS = (
					"$(SDK_DIR)/usr/include/libxml2",
					"$(PROJECT_DIR)/VKFileBrowserDemo/vendor/Frameworks/include",
				);
				INFOPLIST_FILE = VKFileBrowserDemo/Info.plist;
				LD_RUNPATH_SEARCH_PATHS = "$(inherited) @executable_path/Frameworks";
				LIBRARY_SEARCH_PATHS = (
					"$(PROJECT_DIR)/VKFileBrowserDemo/vendor/Frameworks",
					"$(PROJECT_DIR)/VKFileBrowserDemo/vendor/Frameworks/libgit2-ios",
					"$(PROJECT_DIR)/VKFileBrowserDemo/vendor/Frameworks/libssh2-ios/lib",
					"$(PROJECT_DIR)/VKFileBrowserDemo/vendor/Frameworks/ios-openssl/lib",
					"$(PROJECT_DIR)/VKFileBrowserDemo/vendor/Frameworks/libssh2-ios/src/libssh2/src/.libs",
				);
				OTHER_LDFLAGS = (
					"$(inherited)",
					"-framework",
					"\"Alamofire\"",
					"-framework",
					"\"CocoaLumberjack\"",
					"-framework",
					"\"DACircularProgress\"",
					"-framework",
					"\"GCDWebServer\"",
					"-framework",
					"\"Highlightr\"",
					"-framework",
					"\"MBProgressHUD\"",
					"-framework",
					"\"MJExtension\"",
					"-framework",
					"\"MJRefresh\"",
					"-framework",
					"\"MWPhotoBrowser\"",
					"-framework",
					"\"SDWebImage\"",
					"-framework",
					"\"SwiftyMarkdown\"",
					"-force_load",
					"$(PROJECT_DIR)/VKFileBrowserDemo/vendor/Frameworks/libgit2-ios/libgit2-ios.a",
					"-lgit2-ios",
					"-lssh2-ios",
					"-lssl",
					"-lcrypto",
				);
				PRODUCT_BUNDLE_IDENTIFIER = com.vk.VKFileBrowser;
				PRODUCT_NAME = "File Browser";
				SWIFT_INCLUDE_PATHS = "$(PROJECT_DIR)/VKFileBrowserDemo/vendor/Frameworks/include";
				SWIFT_OBJC_BRIDGING_HEADER = "./VKFileBrowserDemo/VKFileBrowserDemo-Bridging-Header.h";
				SWIFT_VERSION = 3.0;
				USER_HEADER_SEARCH_PATHS = "${SRCROOT}/Pods/GCDWebServer/** ${SRCROOT}/Pods/SDWebImage/** ${SRCROOT}/Pods/MJRefresh/** ${SRCROOT}/Pods/MWPhotoBrowser/** ${SRCROOT}/Pods/MJExtension/** ${SRCROOT}/Pods/SVProgressHUD/** ${SRCROOT}/Pods/InAppSettingsKit/** ${SRCROOT}/Pods/ChameleonFramework/** ${SRCROOT}/Pods/CYRTextView/**";
				VALID_ARCHS = "armv7 armv7s arm64";
			};
			name = Release;
		};
/* End XCBuildConfiguration section */

/* Begin XCConfigurationList section */
		54475DD11D9D949200B0BB49 /* Build configuration list for PBXProject "VKFileBrowserDemo" */ = {
			isa = XCConfigurationList;
			buildConfigurations = (
				54475DFF1D9D949200B0BB49 /* Debug */,
				54475E001D9D949200B0BB49 /* Release */,
			);
			defaultConfigurationIsVisible = 0;
			defaultConfigurationName = Release;
		};
		54475E011D9D949200B0BB49 /* Build configuration list for PBXNativeTarget "VKFileBrowserDemo" */ = {
			isa = XCConfigurationList;
			buildConfigurations = (
				54475E021D9D949200B0BB49 /* Debug */,
				54475E031D9D949200B0BB49 /* Release */,
			);
			defaultConfigurationIsVisible = 0;
			defaultConfigurationName = Release;
		};
/* End XCConfigurationList section */
	};
	rootObject = 54475DCE1D9D949200B0BB49 /* Project object */;
}
